// !$*UTF8*$!
{
	archiveVersion = 1;
	classes = {
	};
	objectVersion = 48;
	objects = {

/* Begin PBXBuildFile section */
		601BA75D2071F77500C62A11 /* HQFoundation.framework in Frameworks */ = {isa = PBXBuildFile; fileRef = 601BA7532071F77500C62A11 /* HQFoundation.framework */; };
		601BA7622071F77500C62A11 /* HQFoundationTests.swift in Sources */ = {isa = PBXBuildFile; fileRef = 601BA7612071F77500C62A11 /* HQFoundationTests.swift */; };
		601BA7642071F77600C62A11 /* HQFoundation.h in Headers */ = {isa = PBXBuildFile; fileRef = 601BA7562071F77500C62A11 /* HQFoundation.h */; settings = {ATTRIBUTES = (Public, ); }; };
		601BA76F2071F79A00C62A11 /* HQLock.swift in Sources */ = {isa = PBXBuildFile; fileRef = 601BA76E2071F79A00C62A11 /* HQLock.swift */; };
		601BA7732071FAB100C62A11 /* HQTimer+extension.swift in Sources */ = {isa = PBXBuildFile; fileRef = 601BA7722071FAB100C62A11 /* HQTimer+extension.swift */; };
/* End PBXBuildFile section */

/* Begin PBXContainerItemProxy section */
		601BA75E2071F77500C62A11 /* PBXContainerItemProxy */ = {
			isa = PBXContainerItemProxy;
			containerPortal = 601BA74A2071F77500C62A11 /* Project object */;
			proxyType = 1;
			remoteGlobalIDString = 601BA7522071F77500C62A11;
			remoteInfo = HQFoundation;
		};
/* End PBXContainerItemProxy section */

/* Begin PBXFileReference section */
		601BA7532071F77500C62A11 /* HQFoundation.framework */ = {isa = PBXFileReference; explicitFileType = wrapper.framework; includeInIndex = 0; path = HQFoundation.framework; sourceTree = BUILT_PRODUCTS_DIR; };
		601BA7562071F77500C62A11 /* HQFoundation.h */ = {isa = PBXFileReference; lastKnownFileType = sourcecode.c.h; path = HQFoundation.h; sourceTree = "<group>"; };
		601BA7572071F77500C62A11 /* Info.plist */ = {isa = PBXFileReference; lastKnownFileType = text.plist.xml; path = Info.plist; sourceTree = "<group>"; };
		601BA75C2071F77500C62A11 /* HQFoundationTests.xctest */ = {isa = PBXFileReference; explicitFileType = wrapper.cfbundle; includeInIndex = 0; path = HQFoundationTests.xctest; sourceTree = BUILT_PRODUCTS_DIR; };
		601BA7612071F77500C62A11 /* HQFoundationTests.swift */ = {isa = PBXFileReference; lastKnownFileType = sourcecode.swift; path = HQFoundationTests.swift; sourceTree = "<group>"; };
		601BA7632071F77600C62A11 /* Info.plist */ = {isa = PBXFileReference; lastKnownFileType = text.plist.xml; path = Info.plist; sourceTree = "<group>"; };
		601BA76E2071F79A00C62A11 /* HQLock.swift */ = {isa = PBXFileReference; lastKnownFileType = sourcecode.swift; path = HQLock.swift; sourceTree = "<group>"; };
		601BA7722071FAB100C62A11 /* HQTimer+extension.swift */ = {isa = PBXFileReference; lastKnownFileType = sourcecode.swift; path = "HQTimer+extension.swift"; sourceTree = "<group>"; };
		601BA7742071FCD100C62A11 /* Runloop.playground */ = {isa = PBXFileReference; lastKnownFileType = file.playground; path = Runloop.playground; sourceTree = "<group>"; xcLanguageSpecificationIdentifier = xcode.lang.swift; };
/* End PBXFileReference section */

/* Begin PBXFrameworksBuildPhase section */
		601BA74F2071F77500C62A11 /* Frameworks */ = {
			isa = PBXFrameworksBuildPhase;
			buildActionMask = 2147483647;
			files = (
			);
			runOnlyForDeploymentPostprocessing = 0;
		};
		601BA7592071F77500C62A11 /* Frameworks */ = {
			isa = PBXFrameworksBuildPhase;
			buildActionMask = 2147483647;
			files = (
				601BA75D2071F77500C62A11 /* HQFoundation.framework in Frameworks */,
			);
			runOnlyForDeploymentPostprocessing = 0;
		};
/* End PBXFrameworksBuildPhase section */

/* Begin PBXGroup section */
		601BA7492071F77500C62A11 = {
			isa = PBXGroup;
			children = (
				601BA7552071F77500C62A11 /* HQFoundation */,
				601BA7602071F77500C62A11 /* HQFoundationTests */,
				601BA7542071F77500C62A11 /* Products */,
			);
			sourceTree = "<group>";
		};
		601BA7542071F77500C62A11 /* Products */ = {
			isa = PBXGroup;
			children = (
				601BA7532071F77500C62A11 /* HQFoundation.framework */,
				601BA75C2071F77500C62A11 /* HQFoundationTests.xctest */,
			);
			name = Products;
			sourceTree = "<group>";
		};
		601BA7552071F77500C62A11 /* HQFoundation */ = {
			isa = PBXGroup;
			children = (
				601BA7702071FA8D00C62A11 /* Extension */,
				601BA76D2071F78E00C62A11 /* Lock */,
				601BA7562071F77500C62A11 /* HQFoundation.h */,
				601BA7572071F77500C62A11 /* Info.plist */,
			);
			path = HQFoundation;
			sourceTree = "<group>";
		};
		601BA7602071F77500C62A11 /* HQFoundationTests */ = {
			isa = PBXGroup;
			children = (
				601BA7612071F77500C62A11 /* HQFoundationTests.swift */,
				601BA7632071F77600C62A11 /* Info.plist */,
			);
			path = HQFoundationTests;
			sourceTree = "<group>";
		};
		601BA76D2071F78E00C62A11 /* Lock */ = {
			isa = PBXGroup;
			children = (
				601BA76E2071F79A00C62A11 /* HQLock.swift */,
			);
			path = Lock;
			sourceTree = "<group>";
		};
		601BA7702071FA8D00C62A11 /* Extension */ = {
			isa = PBXGroup;
			children = (
				601BA7712071FA9800C62A11 /* Timer */,
			);
			path = Extension;
			sourceTree = "<group>";
		};
		601BA7712071FA9800C62A11 /* Timer */ = {
			isa = PBXGroup;
			children = (
				601BA7722071FAB100C62A11 /* HQTimer+extension.swift */,
				601BA7742071FCD100C62A11 /* Runloop.playground */,
			);
			path = Timer;
			sourceTree = "<group>";
		};
/* End PBXGroup section */

/* Begin PBXHeadersBuildPhase section */
		601BA7502071F77500C62A11 /* Headers */ = {
			isa = PBXHeadersBuildPhase;
			buildActionMask = 2147483647;
			files = (
				601BA7642071F77600C62A11 /* HQFoundation.h in Headers */,
			);
			runOnlyForDeploymentPostprocessing = 0;
		};
/* End PBXHeadersBuildPhase section */

/* Begin PBXNativeTarget section */
		601BA7522071F77500C62A11 /* HQFoundation */ = {
			isa = PBXNativeTarget;
			buildConfigurationList = 601BA7672071F77600C62A11 /* Build configuration list for PBXNativeTarget "HQFoundation" */;
			buildPhases = (
				601BA74E2071F77500C62A11 /* Sources */,
				601BA74F2071F77500C62A11 /* Frameworks */,
				601BA7502071F77500C62A11 /* Headers */,
				601BA7512071F77500C62A11 /* Resources */,
			);
			buildRules = (
			);
			dependencies = (
			);
			name = HQFoundation;
			productName = HQFoundation;
			productReference = 601BA7532071F77500C62A11 /* HQFoundation.framework */;
			productType = "com.apple.product-type.framework";
		};
		601BA75B2071F77500C62A11 /* HQFoundationTests */ = {
			isa = PBXNativeTarget;
			buildConfigurationList = 601BA76A2071F77600C62A11 /* Build configuration list for PBXNativeTarget "HQFoundationTests" */;
			buildPhases = (
				601BA7582071F77500C62A11 /* Sources */,
				601BA7592071F77500C62A11 /* Frameworks */,
				601BA75A2071F77500C62A11 /* Resources */,
			);
			buildRules = (
			);
			dependencies = (
				601BA75F2071F77500C62A11 /* PBXTargetDependency */,
			);
			name = HQFoundationTests;
			productName = HQFoundationTests;
			productReference = 601BA75C2071F77500C62A11 /* HQFoundationTests.xctest */;
			productType = "com.apple.product-type.bundle.unit-test";
		};
/* End PBXNativeTarget section */

/* Begin PBXProject section */
		601BA74A2071F77500C62A11 /* Project object */ = {
			isa = PBXProject;
			attributes = {
				LastSwiftUpdateCheck = 0920;
				LastUpgradeCheck = 0920;
				ORGANIZATIONNAME = HQ.Personal.modules;
				TargetAttributes = {
					601BA7522071F77500C62A11 = {
						CreatedOnToolsVersion = 9.2;
						LastSwiftMigration = 0920;
						ProvisioningStyle = Automatic;
					};
					601BA75B2071F77500C62A11 = {
						CreatedOnToolsVersion = 9.2;
						ProvisioningStyle = Automatic;
					};
				};
			};
			buildConfigurationList = 601BA74D2071F77500C62A11 /* Build configuration list for PBXProject "HQFoundation" */;
			compatibilityVersion = "Xcode 8.0";
			developmentRegion = en;
			hasScannedForEncodings = 0;
			knownRegions = (
				en,
			);
			mainGroup = 601BA7492071F77500C62A11;
			productRefGroup = 601BA7542071F77500C62A11 /* Products */;
			projectDirPath = "";
			projectRoot = "";
			targets = (
				601BA7522071F77500C62A11 /* HQFoundation */,
				601BA75B2071F77500C62A11 /* HQFoundationTests */,
			);
		};
/* End PBXProject section */

/* Begin PBXResourcesBuildPhase section */
		601BA7512071F77500C62A11 /* Resources */ = {
			isa = PBXResourcesBuildPhase;
			buildActionMask = 2147483647;
			files = (
			);
			runOnlyForDeploymentPostprocessing = 0;
		};
		601BA75A2071F77500C62A11 /* Resources */ = {
			isa = PBXResourcesBuildPhase;
			buildActionMask = 2147483647;
			files = (
			);
			runOnlyForDeploymentPostprocessing = 0;
		};
/* End PBXResourcesBuildPhase section */

/* Begin PBXSourcesBuildPhase section */
		601BA74E2071F77500C62A11 /* Sources */ = {
			isa = PBXSourcesBuildPhase;
			buildActionMask = 2147483647;
			files = (
				601BA7732071FAB100C62A11 /* HQTimer+extension.swift in Sources */,
				601BA76F2071F79A00C62A11 /* HQLock.swift in Sources */,
			);
			runOnlyForDeploymentPostprocessing = 0;
		};
		601BA7582071F77500C62A11 /* Sources */ = {
			isa = PBXSourcesBuildPhase;
			buildActionMask = 2147483647;
			files = (
				601BA7622071F77500C62A11 /* HQFoundationTests.swift in Sources */,
			);
			runOnlyForDeploymentPostprocessing = 0;
		};
/* End PBXSourcesBuildPhase section */

/* Begin PBXTargetDependency section */
		601BA75F2071F77500C62A11 /* PBXTargetDependency */ = {
			isa = PBXTargetDependency;
			target = 601BA7522071F77500C62A11 /* HQFoundation */;
			targetProxy = 601BA75E2071F77500C62A11 /* PBXContainerItemProxy */;
		};
/* End PBXTargetDependency section */

/* Begin XCBuildConfiguration section */
		601BA7652071F77600C62A11 /* Debug */ = {
			isa = XCBuildConfiguration;
			buildSettings = {
				ALWAYS_SEARCH_USER_PATHS = NO;
				CLANG_ANALYZER_NONNULL = YES;
				CLANG_ANALYZER_NUMBER_OBJECT_CONVERSION = YES_AGGRESSIVE;
				CLANG_CXX_LANGUAGE_STANDARD = "gnu++14";
				CLANG_CXX_LIBRARY = "libc++";
				CLANG_ENABLE_MODULES = YES;
				CLANG_ENABLE_OBJC_ARC = YES;
				CLANG_WARN_BLOCK_CAPTURE_AUTORELEASING = YES;
				CLANG_WARN_BOOL_CONVERSION = YES;
				CLANG_WARN_COMMA = YES;
				CLANG_WARN_CONSTANT_CONVERSION = YES;
				CLANG_WARN_DIRECT_OBJC_ISA_USAGE = YES_ERROR;
				CLANG_WARN_DOCUMENTATION_COMMENTS = YES;
				CLANG_WARN_EMPTY_BODY = YES;
				CLANG_WARN_ENUM_CONVERSION = YES;
				CLANG_WARN_INFINITE_RECURSION = YES;
				CLANG_WARN_INT_CONVERSION = YES;
				CLANG_WARN_NON_LITERAL_NULL_CONVERSION = YES;
				CLANG_WARN_OBJC_LITERAL_CONVERSION = YES;
				CLANG_WARN_OBJC_ROOT_CLASS = YES_ERROR;
				CLANG_WARN_RANGE_LOOP_ANALYSIS = YES;
				CLANG_WARN_STRICT_PROTOTYPES = YES;
				CLANG_WARN_SUSPICIOUS_MOVE = YES;
				CLANG_WARN_UNGUARDED_AVAILABILITY = YES_AGGRESSIVE;
				CLANG_WARN_UNREACHABLE_CODE = YES;
				CLANG_WARN__DUPLICATE_METHOD_MATCH = YES;
				CODE_SIGN_IDENTITY = "iPhone Developer";
				COPY_PHASE_STRIP = NO;
				CURRENT_PROJECT_VERSION = 1;
				DEBUG_INFORMATION_FORMAT = dwarf;
				ENABLE_STRICT_OBJC_MSGSEND = YES;
				ENABLE_TESTABILITY = YES;
				GCC_C_LANGUAGE_STANDARD = gnu11;
				GCC_DYNAMIC_NO_PIC = NO;
				GCC_NO_COMMON_BLOCKS = YES;
				GCC_OPTIMIZATION_LEVEL = 0;
				GCC_PREPROCESSOR_DEFINITIONS = (
					"DEBUG=1",
					"$(inherited)",
				);
				GCC_WARN_64_TO_32_BIT_CONVERSION = YES;
				GCC_WARN_ABOUT_RETURN_TYPE = YES_ERROR;
				GCC_WARN_UNDECLARED_SELECTOR = YES;
				GCC_WARN_UNINITIALIZED_AUTOS = YES_AGGRESSIVE;
				GCC_WARN_UNUSED_FUNCTION = YES;
				GCC_WARN_UNUSED_VARIABLE = YES;
				IPHONEOS_DEPLOYMENT_TARGET = 8.0;
				MTL_ENABLE_DEBUG_INFO = YES;
				ONLY_ACTIVE_ARCH = YES;
				SDKROOT = iphoneos;
				SWIFT_ACTIVE_COMPILATION_CONDITIONS = DEBUG;
				SWIFT_OPTIMIZATION_LEVEL = "-Onone";
				VERSIONING_SYSTEM = "apple-generic";
				VERSION_INFO_PREFIX = "";
			};
			name = Debug;
		};
		601BA7662071F77600C62A11 /* Release */ = {
			isa = XCBuildConfiguration;
			buildSettings = {
				ALWAYS_SEARCH_USER_PATHS = NO;
				CLANG_ANALYZER_NONNULL = YES;
				CLANG_ANALYZER_NUMBER_OBJECT_CONVERSION = YES_AGGRESSIVE;
				CLANG_CXX_LANGUAGE_STANDARD = "gnu++14";
				CLANG_CXX_LIBRARY = "libc++";
				CLANG_ENABLE_MODULES = YES;
				CLANG_ENABLE_OBJC_ARC = YES;
				CLANG_WARN_BLOCK_CAPTURE_AUTORELEASING = YES;
				CLANG_WARN_BOOL_CONVERSION = YES;
				CLANG_WARN_COMMA = YES;
				CLANG_WARN_CONSTANT_CONVERSION = YES;
				CLANG_WARN_DIRECT_OBJC_ISA_USAGE = YES_ERROR;
				CLANG_WARN_DOCUMENTATION_COMMENTS = YES;
				CLANG_WARN_EMPTY_BODY = YES;
				CLANG_WARN_ENUM_CONVERSION = YES;
				CLANG_WARN_INFINITE_RECURSION = YES;
				CLANG_WARN_INT_CONVERSION = YES;
				CLANG_WARN_NON_LITERAL_NULL_CONVERSION = YES;
				CLANG_WARN_OBJC_LITERAL_CONVERSION = YES;
				CLANG_WARN_OBJC_ROOT_CLASS = YES_ERROR;
				CLANG_WARN_RANGE_LOOP_ANALYSIS = YES;
				CLANG_WARN_STRICT_PROTOTYPES = YES;
				CLANG_WARN_SUSPICIOUS_MOVE = YES;
				CLANG_WARN_UNGUARDED_AVAILABILITY = YES_AGGRESSIVE;
				CLANG_WARN_UNREACHABLE_CODE = YES;
				CLANG_WARN__DUPLICATE_METHOD_MATCH = YES;
				CODE_SIGN_IDENTITY = "iPhone Developer";
				COPY_PHASE_STRIP = NO;
				CURRENT_PROJECT_VERSION = 1;
				DEBUG_INFORMATION_FORMAT = "dwarf-with-dsym";
				ENABLE_NS_ASSERTIONS = NO;
				ENABLE_STRICT_OBJC_MSGSEND = YES;
				GCC_C_LANGUAGE_STANDARD = gnu11;
				GCC_NO_COMMON_BLOCKS = YES;
				GCC_WARN_64_TO_32_BIT_CONVERSION = YES;
				GCC_WARN_ABOUT_RETURN_TYPE = YES_ERROR;
				GCC_WARN_UNDECLARED_SELECTOR = YES;
				GCC_WARN_UNINITIALIZED_AUTOS = YES_AGGRESSIVE;
				GCC_WARN_UNUSED_FUNCTION = YES;
				GCC_WARN_UNUSED_VARIABLE = YES;
				IPHONEOS_DEPLOYMENT_TARGET = 8.0;
				MTL_ENABLE_DEBUG_INFO = NO;
				SDKROOT = iphoneos;
				SWIFT_OPTIMIZATION_LEVEL = "-Owholemodule";
				VALIDATE_PRODUCT = YES;
				VERSIONING_SYSTEM = "apple-generic";
				VERSION_INFO_PREFIX = "";
			};
			name = Release;
		};
		601BA7682071F77600C62A11 /* Debug */ = {
			isa = XCBuildConfiguration;
			buildSettings = {
				CLANG_ENABLE_MODULES = YES;
				CODE_SIGN_IDENTITY = "";
				CODE_SIGN_STYLE = Automatic;
				DEFINES_MODULE = YES;
				DEVELOPMENT_TEAM = 4EXDER2SUV;
				DYLIB_COMPATIBILITY_VERSION = 1;
				DYLIB_CURRENT_VERSION = 1;
				DYLIB_INSTALL_NAME_BASE = "@rpath";
				INFOPLIST_FILE = HQFoundation/Info.plist;
				INSTALL_PATH = "$(LOCAL_LIBRARY_DIR)/Frameworks";
				IPHONEOS_DEPLOYMENT_TARGET = 8.0;
				LD_RUNPATH_SEARCH_PATHS = "$(inherited) @executable_path/Frameworks @loader_path/Frameworks";
				PRODUCT_BUNDLE_IDENTIFIER = sqlite.personal.HQ.HQFoundation;
				PRODUCT_NAME = "$(TARGET_NAME:c99extidentifier)";
				SKIP_INSTALL = YES;
				SWIFT_OPTIMIZATION_LEVEL = "-Onone";
				SWIFT_VERSION = 4.0;
				TARGETED_DEVICE_FAMILY = "1,2";
			};
			name = Debug;
		};
		601BA7692071F77600C62A11 /* Release */ = {
			isa = XCBuildConfiguration;
			buildSettings = {
				CLANG_ENABLE_MODULES = YES;
				CODE_SIGN_IDENTITY = "";
				CODE_SIGN_STYLE = Automatic;
				DEFINES_MODULE = YES;
				DEVELOPMENT_TEAM = 4EXDER2SUV;
				DYLIB_COMPATIBILITY_VERSION = 1;
				DYLIB_CURRENT_VERSION = 1;
				DYLIB_INSTALL_NAME_BASE = "@rpath";
				INFOPLIST_FILE = HQFoundation/Info.plist;
				INSTALL_PATH = "$(LOCAL_LIBRARY_DIR)/Frameworks";
				IPHONEOS_DEPLOYMENT_TARGET = 8.0;
				LD_RUNPATH_SEARCH_PATHS = "$(inherited) @executable_path/Frameworks @loader_path/Frameworks";
				PRODUCT_BUNDLE_IDENTIFIER = sqlite.personal.HQ.HQFoundation;
				PRODUCT_NAME = "$(TARGET_NAME:c99extidentifier)";
				SKIP_INSTALL = YES;
				SWIFT_VERSION = 4.0;
				TARGETED_DEVICE_FAMILY = "1,2";
			};
			name = Release;
		};
		601BA76B2071F77600C62A11 /* Debug */ = {
			isa = XCBuildConfiguration;
			buildSettings = {
				ALWAYS_EMBED_SWIFT_STANDARD_LIBRARIES = YES;
				CODE_SIGN_STYLE = Automatic;
				DEVELOPMENT_TEAM = 4GWS96ARLN;
				INFOPLIST_FILE = HQFoundationTests/Info.plist;
				LD_RUNPATH_SEARCH_PATHS = "$(inherited) @executable_path/Frameworks @loader_path/Frameworks";
				PRODUCT_BUNDLE_IDENTIFIER = sqlite.personal.HQ.HQFoundationTests;
				PRODUCT_NAME = "$(TARGET_NAME)";
				SWIFT_VERSION = 4.0;
				TARGETED_DEVICE_FAMILY = "1,2";
			};
			name = Debug;
		};
		601BA76C2071F77600C62A11 /* Release */ = {
			isa = XCBuildConfiguration;
			buildSettings = {
				ALWAYS_EMBED_SWIFT_STANDARD_LIBRARIES = YES;
				CODE_SIGN_STYLE = Automatic;
				DEVELOPMENT_TEAM = 4GWS96ARLN;
				INFOPLIST_FILE = HQFoundationTests/Info.plist;
				LD_RUNPATH_SEARCH_PATHS = "$(inherited) @executable_path/Frameworks @loader_path/Frameworks";
				PRODUCT_BUNDLE_IDENTIFIER = sqlite.personal.HQ.HQFoundationTests;
				PRODUCT_NAME = "$(TARGET_NAME)";
				SWIFT_VERSION = 4.0;
				TARGETED_DEVICE_FAMILY = "1,2";
			};
			name = Release;
		};
/* End XCBuildConfiguration section */

/* Begin XCConfigurationList section */
		601BA74D2071F77500C62A11 /* Build configuration list for PBXProject "HQFoundation" */ = {
			isa = XCConfigurationList;
			buildConfigurations = (
				601BA7652071F77600C62A11 /* Debug */,
				601BA7662071F77600C62A11 /* Release */,
			);
			defaultConfigurationIsVisible = 0;
			defaultConfigurationName = Release;
		};
		601BA7672071F77600C62A11 /* Build configuration list for PBXNativeTarget "HQFoundation" */ = {
			isa = XCConfigurationList;
			buildConfigurations = (
				601BA7682071F77600C62A11 /* Debug */,
				601BA7692071F77600C62A11 /* Release */,
			);
			defaultConfigurationIsVisible = 0;
			defaultConfigurationName = Release;
		};
		601BA76A2071F77600C62A11 /* Build configuration list for PBXNativeTarget "HQFoundationTests" */ = {
			isa = XCConfigurationList;
			buildConfigurations = (
				601BA76B2071F77600C62A11 /* Debug */,
				601BA76C2071F77600C62A11 /* Release */,
			);
			defaultConfigurationIsVisible = 0;
			defaultConfigurationName = Release;
		};
/* End XCConfigurationList section */
	};
	rootObject = 601BA74A2071F77500C62A11 /* Project object */;
}
