// !$*UTF8*$!
{
	archiveVersion = 1;
	classes = {
	};
	objectVersion = 50;
	objects = {

/* Begin PBXBuildFile section */
		604BA95520AD29FB0014D30C /* DataProvider.swift in Sources */ = {isa = PBXBuildFile; fileRef = 604BA95420AD29FB0014D30C /* DataProvider.swift */; };
		604BA95920AD2A550014D30C /* Component.swift in Sources */ = {isa = PBXBuildFile; fileRef = 604BA95820AD2A550014D30C /* Component.swift */; };
		604BA95B20AD69450014D30C /* DemoComponent.swift in Sources */ = {isa = PBXBuildFile; fileRef = 604BA95A20AD69450014D30C /* DemoComponent.swift */; };
		604BA95D20AD6B2F0014D30C /* HQRouter.framework in Frameworks */ = {isa = PBXBuildFile; fileRef = 606E41BA20A59784009E4AA5 /* HQRouter.framework */; };
		606E41BF20A59784009E4AA5 /* HQRouter.h in Headers */ = {isa = PBXBuildFile; fileRef = 606E41BD20A59784009E4AA5 /* HQRouter.h */; settings = {ATTRIBUTES = (Public, ); }; };
		606E41C620A597DD009E4AA5 /* RouterURL.swift in Sources */ = {isa = PBXBuildFile; fileRef = 606E41C520A597DD009E4AA5 /* RouterURL.swift */; };
		606E41C820A59BD3009E4AA5 /* Router.swift in Sources */ = {isa = PBXBuildFile; fileRef = 606E41C720A59BD3009E4AA5 /* Router.swift */; };
		8A8B65B720AB12F9008975ED /* AppDelegate.swift in Sources */ = {isa = PBXBuildFile; fileRef = 8A8B65B620AB12F9008975ED /* AppDelegate.swift */; };
		8A8B65B920AB12F9008975ED /* ViewController.swift in Sources */ = {isa = PBXBuildFile; fileRef = 8A8B65B820AB12F9008975ED /* ViewController.swift */; };
		8A8B65BC20AB12F9008975ED /* Main.storyboard in Resources */ = {isa = PBXBuildFile; fileRef = 8A8B65BA20AB12F9008975ED /* Main.storyboard */; };
		8A8B65BE20AB12FA008975ED /* Assets.xcassets in Resources */ = {isa = PBXBuildFile; fileRef = 8A8B65BD20AB12FA008975ED /* Assets.xcassets */; };
		8A8B65C120AB12FA008975ED /* LaunchScreen.storyboard in Resources */ = {isa = PBXBuildFile; fileRef = 8A8B65BF20AB12FA008975ED /* LaunchScreen.storyboard */; };
/* End PBXBuildFile section */

/* Begin PBXFileReference section */
		604BA95420AD29FB0014D30C /* DataProvider.swift */ = {isa = PBXFileReference; lastKnownFileType = sourcecode.swift; path = DataProvider.swift; sourceTree = "<group>"; };
		604BA95820AD2A550014D30C /* Component.swift */ = {isa = PBXFileReference; lastKnownFileType = sourcecode.swift; path = Component.swift; sourceTree = "<group>"; };
		604BA95A20AD69450014D30C /* DemoComponent.swift */ = {isa = PBXFileReference; lastKnownFileType = sourcecode.swift; path = DemoComponent.swift; sourceTree = "<group>"; };
		606E41BA20A59784009E4AA5 /* HQRouter.framework */ = {isa = PBXFileReference; explicitFileType = wrapper.framework; includeInIndex = 0; path = HQRouter.framework; sourceTree = BUILT_PRODUCTS_DIR; };
		606E41BD20A59784009E4AA5 /* HQRouter.h */ = {isa = PBXFileReference; lastKnownFileType = sourcecode.c.h; path = HQRouter.h; sourceTree = "<group>"; };
		606E41BE20A59784009E4AA5 /* Info.plist */ = {isa = PBXFileReference; lastKnownFileType = text.plist.xml; path = Info.plist; sourceTree = "<group>"; };
		606E41C520A597DD009E4AA5 /* RouterURL.swift */ = {isa = PBXFileReference; lastKnownFileType = sourcecode.swift; path = RouterURL.swift; sourceTree = "<group>"; };
		606E41C720A59BD3009E4AA5 /* Router.swift */ = {isa = PBXFileReference; lastKnownFileType = sourcecode.swift; path = Router.swift; sourceTree = "<group>"; };
		8A8B65B420AB12F9008975ED /* HQRouterDemo.app */ = {isa = PBXFileReference; explicitFileType = wrapper.application; includeInIndex = 0; path = HQRouterDemo.app; sourceTree = BUILT_PRODUCTS_DIR; };
		8A8B65B620AB12F9008975ED /* AppDelegate.swift */ = {isa = PBXFileReference; lastKnownFileType = sourcecode.swift; path = AppDelegate.swift; sourceTree = "<group>"; };
		8A8B65B820AB12F9008975ED /* ViewController.swift */ = {isa = PBXFileReference; lastKnownFileType = sourcecode.swift; path = ViewController.swift; sourceTree = "<group>"; };
		8A8B65BB20AB12F9008975ED /* Base */ = {isa = PBXFileReference; lastKnownFileType = file.storyboard; name = Base; path = Base.lproj/Main.storyboard; sourceTree = "<group>"; };
		8A8B65BD20AB12FA008975ED /* Assets.xcassets */ = {isa = PBXFileReference; lastKnownFileType = folder.assetcatalog; path = Assets.xcassets; sourceTree = "<group>"; };
		8A8B65C020AB12FA008975ED /* Base */ = {isa = PBXFileReference; lastKnownFileType = file.storyboard; name = Base; path = Base.lproj/LaunchScreen.storyboard; sourceTree = "<group>"; };
		8A8B65C220AB12FA008975ED /* Info.plist */ = {isa = PBXFileReference; lastKnownFileType = text.plist.xml; path = Info.plist; sourceTree = "<group>"; };
/* End PBXFileReference section */

/* Begin PBXFrameworksBuildPhase section */
		606E41B620A59784009E4AA5 /* Frameworks */ = {
			isa = PBXFrameworksBuildPhase;
			buildActionMask = 2147483647;
			files = (
			);
			runOnlyForDeploymentPostprocessing = 0;
		};
		8A8B65B120AB12F9008975ED /* Frameworks */ = {
			isa = PBXFrameworksBuildPhase;
			buildActionMask = 2147483647;
			files = (
				604BA95D20AD6B2F0014D30C /* HQRouter.framework in Frameworks */,
			);
			runOnlyForDeploymentPostprocessing = 0;
		};
/* End PBXFrameworksBuildPhase section */

/* Begin PBXGroup section */
		604BA95C20AD6B2F0014D30C /* Frameworks */ = {
			isa = PBXGroup;
			children = (
			);
			name = Frameworks;
			sourceTree = "<group>";
		};
		606E41B020A59784009E4AA5 = {
			isa = PBXGroup;
			children = (
				606E41BC20A59784009E4AA5 /* HQRouter */,
				8A8B65B520AB12F9008975ED /* HQRouterDemo */,
				606E41BB20A59784009E4AA5 /* Products */,
				604BA95C20AD6B2F0014D30C /* Frameworks */,
			);
			sourceTree = "<group>";
		};
		606E41BB20A59784009E4AA5 /* Products */ = {
			isa = PBXGroup;
			children = (
				606E41BA20A59784009E4AA5 /* HQRouter.framework */,
				8A8B65B420AB12F9008975ED /* HQRouterDemo.app */,
			);
			name = Products;
			sourceTree = "<group>";
		};
		606E41BC20A59784009E4AA5 /* HQRouter */ = {
			isa = PBXGroup;
			children = (
				606E41BD20A59784009E4AA5 /* HQRouter.h */,
				606E41BE20A59784009E4AA5 /* Info.plist */,
				604BA95820AD2A550014D30C /* Component.swift */,
				604BA95420AD29FB0014D30C /* DataProvider.swift */,
				606E41C520A597DD009E4AA5 /* RouterURL.swift */,
				606E41C720A59BD3009E4AA5 /* Router.swift */,
			);
			path = HQRouter;
			sourceTree = "<group>";
		};
		8A8B65B520AB12F9008975ED /* HQRouterDemo */ = {
			isa = PBXGroup;
			children = (
				8A8B65B620AB12F9008975ED /* AppDelegate.swift */,
				604BA95A20AD69450014D30C /* DemoComponent.swift */,
				8A8B65B820AB12F9008975ED /* ViewController.swift */,
				8A8B65BA20AB12F9008975ED /* Main.storyboard */,
				8A8B65BD20AB12FA008975ED /* Assets.xcassets */,
				8A8B65BF20AB12FA008975ED /* LaunchScreen.storyboard */,
				8A8B65C220AB12FA008975ED /* Info.plist */,
			);
			path = HQRouterDemo;
			sourceTree = "<group>";
		};
/* End PBXGroup section */

/* Begin PBXHeadersBuildPhase section */
		606E41B720A59784009E4AA5 /* Headers */ = {
			isa = PBXHeadersBuildPhase;
			buildActionMask = 2147483647;
			files = (
				606E41BF20A59784009E4AA5 /* HQRouter.h in Headers */,
			);
			runOnlyForDeploymentPostprocessing = 0;
		};
/* End PBXHeadersBuildPhase section */

/* Begin PBXNativeTarget section */
		606E41B920A59784009E4AA5 /* HQRouter */ = {
			isa = PBXNativeTarget;
			buildConfigurationList = 606E41C220A59784009E4AA5 /* Build configuration list for PBXNativeTarget "HQRouter" */;
			buildPhases = (
				606E41B520A59784009E4AA5 /* Sources */,
				606E41B620A59784009E4AA5 /* Frameworks */,
				606E41B720A59784009E4AA5 /* Headers */,
				606E41B820A59784009E4AA5 /* Resources */,
			);
			buildRules = (
			);
			dependencies = (
			);
			name = HQRouter;
			productName = HQRouter;
			productReference = 606E41BA20A59784009E4AA5 /* HQRouter.framework */;
			productType = "com.apple.product-type.framework";
		};
		8A8B65B320AB12F9008975ED /* HQRouterDemo */ = {
			isa = PBXNativeTarget;
			buildConfigurationList = 8A8B65C520AB12FA008975ED /* Build configuration list for PBXNativeTarget "HQRouterDemo" */;
			buildPhases = (
				8A8B65B020AB12F9008975ED /* Sources */,
				8A8B65B120AB12F9008975ED /* Frameworks */,
				8A8B65B220AB12F9008975ED /* Resources */,
			);
			buildRules = (
			);
			dependencies = (
			);
			name = HQRouterDemo;
			productName = HQRouterDemo;
			productReference = 8A8B65B420AB12F9008975ED /* HQRouterDemo.app */;
			productType = "com.apple.product-type.application";
		};
/* End PBXNativeTarget section */

/* Begin PBXProject section */
		606E41B120A59784009E4AA5 /* Project object */ = {
			isa = PBXProject;
			attributes = {
				CLASSPREFIX = HQRouter;
				LastSwiftUpdateCheck = 0930;
				LastUpgradeCheck = 0930;
				ORGANIZATIONNAME = HQ.components.router;
				TargetAttributes = {
					606E41B920A59784009E4AA5 = {
						CreatedOnToolsVersion = 9.3;
						LastSwiftMigration = 0930;
					};
					8A8B65B320AB12F9008975ED = {
						CreatedOnToolsVersion = 9.3;
					};
				};
			};
			buildConfigurationList = 606E41B420A59784009E4AA5 /* Build configuration list for PBXProject "HQRouter" */;
			compatibilityVersion = "Xcode 9.3";
			developmentRegion = en;
			hasScannedForEncodings = 0;
			knownRegions = (
				en,
				Base,
			);
			mainGroup = 606E41B020A59784009E4AA5;
			productRefGroup = 606E41BB20A59784009E4AA5 /* Products */;
			projectDirPath = "";
			projectRoot = "";
			targets = (
				606E41B920A59784009E4AA5 /* HQRouter */,
				8A8B65B320AB12F9008975ED /* HQRouterDemo */,
			);
		};
/* End PBXProject section */

/* Begin PBXResourcesBuildPhase section */
		606E41B820A59784009E4AA5 /* Resources */ = {
			isa = PBXResourcesBuildPhase;
			buildActionMask = 2147483647;
			files = (
			);
			runOnlyForDeploymentPostprocessing = 0;
		};
		8A8B65B220AB12F9008975ED /* Resources */ = {
			isa = PBXResourcesBuildPhase;
			buildActionMask = 2147483647;
			files = (
				8A8B65C120AB12FA008975ED /* LaunchScreen.storyboard in Resources */,
				8A8B65BE20AB12FA008975ED /* Assets.xcassets in Resources */,
				8A8B65BC20AB12F9008975ED /* Main.storyboard in Resources */,
			);
			runOnlyForDeploymentPostprocessing = 0;
		};
/* End PBXResourcesBuildPhase section */

/* Begin PBXSourcesBuildPhase section */
		606E41B520A59784009E4AA5 /* Sources */ = {
			isa = PBXSourcesBuildPhase;
			buildActionMask = 2147483647;
			files = (
				604BA95520AD29FB0014D30C /* DataProvider.swift in Sources */,
				606E41C620A597DD009E4AA5 /* RouterURL.swift in Sources */,
				606E41C820A59BD3009E4AA5 /* Router.swift in Sources */,
				604BA95920AD2A550014D30C /* Component.swift in Sources */,
			);
			runOnlyForDeploymentPostprocessing = 0;
		};
		8A8B65B020AB12F9008975ED /* Sources */ = {
			isa = PBXSourcesBuildPhase;
			buildActionMask = 2147483647;
			files = (
				8A8B65B920AB12F9008975ED /* ViewController.swift in Sources */,
				8A8B65B720AB12F9008975ED /* AppDelegate.swift in Sources */,
				604BA95B20AD69450014D30C /* DemoComponent.swift in Sources */,
			);
			runOnlyForDeploymentPostprocessing = 0;
		};
/* End PBXSourcesBuildPhase section */

/* Begin PBXVariantGroup section */
		8A8B65BA20AB12F9008975ED /* Main.storyboard */ = {
			isa = PBXVariantGroup;
			children = (
				8A8B65BB20AB12F9008975ED /* Base */,
			);
			name = Main.storyboard;
			sourceTree = "<group>";
		};
		8A8B65BF20AB12FA008975ED /* LaunchScreen.storyboard */ = {
			isa = PBXVariantGroup;
			children = (
				8A8B65C020AB12FA008975ED /* Base */,
			);
			name = LaunchScreen.storyboard;
			sourceTree = "<group>";
		};
/* End PBXVariantGroup section */

/* Begin XCBuildConfiguration section */
		606E41C020A59784009E4AA5 /* Debug */ = {
			isa = XCBuildConfiguration;
			buildSettings = {
				ALWAYS_SEARCH_USER_PATHS = NO;
				CLANG_ANALYZER_NONNULL = YES;
				CLANG_ANALYZER_NUMBER_OBJECT_CONVERSION = YES_AGGRESSIVE;
				CLANG_CXX_LANGUAGE_STANDARD = "gnu++14";
				CLANG_CXX_LIBRARY = "libc++";
				CLANG_ENABLE_MODULES = YES;
				CLANG_ENABLE_OBJC_ARC = YES;
				CLANG_ENABLE_OBJC_WEAK = YES;
				CLANG_WARN_BLOCK_CAPTURE_AUTORELEASING = YES;
				CLANG_WARN_BOOL_CONVERSION = YES;
				CLANG_WARN_COMMA = YES;
				CLANG_WARN_CONSTANT_CONVERSION = YES;
				CLANG_WARN_DEPRECATED_OBJC_IMPLEMENTATIONS = YES;
				CLANG_WARN_DIRECT_OBJC_ISA_USAGE = YES_ERROR;
				CLANG_WARN_DOCUMENTATION_COMMENTS = YES;
				CLANG_WARN_EMPTY_BODY = YES;
				CLANG_WARN_ENUM_CONVERSION = YES;
				CLANG_WARN_INFINITE_RECURSION = YES;
				CLANG_WARN_INT_CONVERSION = YES;
				CLANG_WARN_NON_LITERAL_NULL_CONVERSION = YES;
				CLANG_WARN_OBJC_IMPLICIT_RETAIN_SELF = YES;
				CLANG_WARN_OBJC_LITERAL_CONVERSION = YES;
				CLANG_WARN_OBJC_ROOT_CLASS = YES_ERROR;
				CLANG_WARN_RANGE_LOOP_ANALYSIS = YES;
				CLANG_WARN_STRICT_PROTOTYPES = YES;
				CLANG_WARN_SUSPICIOUS_MOVE = YES;
				CLANG_WARN_UNGUARDED_AVAILABILITY = YES_AGGRESSIVE;
				CLANG_WARN_UNREACHABLE_CODE = YES;
				CLANG_WARN__DUPLICATE_METHOD_MATCH = YES;
				CODE_SIGN_IDENTITY = "iPhone Developer";
				COPY_PHASE_STRIP = NO;
				CURRENT_PROJECT_VERSION = 1;
				DEBUG_INFORMATION_FORMAT = dwarf;
				ENABLE_STRICT_OBJC_MSGSEND = YES;
				ENABLE_TESTABILITY = YES;
				GCC_C_LANGUAGE_STANDARD = gnu11;
				GCC_DYNAMIC_NO_PIC = NO;
				GCC_NO_COMMON_BLOCKS = YES;
				GCC_OPTIMIZATION_LEVEL = 0;
				GCC_PREPROCESSOR_DEFINITIONS = (
					"DEBUG=1",
					"$(inherited)",
				);
				GCC_WARN_64_TO_32_BIT_CONVERSION = YES;
				GCC_WARN_ABOUT_RETURN_TYPE = YES_ERROR;
				GCC_WARN_UNDECLARED_SELECTOR = YES;
				GCC_WARN_UNINITIALIZED_AUTOS = YES_AGGRESSIVE;
				GCC_WARN_UNUSED_FUNCTION = YES;
				GCC_WARN_UNUSED_VARIABLE = YES;
				IPHONEOS_DEPLOYMENT_TARGET = 9.0;
				MTL_ENABLE_DEBUG_INFO = YES;
				ONLY_ACTIVE_ARCH = YES;
				SDKROOT = iphoneos;
				SWIFT_ACTIVE_COMPILATION_CONDITIONS = DEBUG;
				SWIFT_OPTIMIZATION_LEVEL = "-Onone";
				VERSIONING_SYSTEM = "apple-generic";
				VERSION_INFO_PREFIX = "";
			};
			name = Debug;
		};
		606E41C120A59784009E4AA5 /* Release */ = {
			isa = XCBuildConfiguration;
			buildSettings = {
				ALWAYS_SEARCH_USER_PATHS = NO;
				CLANG_ANALYZER_NONNULL = YES;
				CLANG_ANALYZER_NUMBER_OBJECT_CONVERSION = YES_AGGRESSIVE;
				CLANG_CXX_LANGUAGE_STANDARD = "gnu++14";
				CLANG_CXX_LIBRARY = "libc++";
				CLANG_ENABLE_MODULES = YES;
				CLANG_ENABLE_OBJC_ARC = YES;
				CLANG_ENABLE_OBJC_WEAK = YES;
				CLANG_WARN_BLOCK_CAPTURE_AUTORELEASING = YES;
				CLANG_WARN_BOOL_CONVERSION = YES;
				CLANG_WARN_COMMA = YES;
				CLANG_WARN_CONSTANT_CONVERSION = YES;
				CLANG_WARN_DEPRECATED_OBJC_IMPLEMENTATIONS = YES;
				CLANG_WARN_DIRECT_OBJC_ISA_USAGE = YES_ERROR;
				CLANG_WARN_DOCUMENTATION_COMMENTS = YES;
				CLANG_WARN_EMPTY_BODY = YES;
				CLANG_WARN_ENUM_CONVERSION = YES;
				CLANG_WARN_INFINITE_RECURSION = YES;
				CLANG_WARN_INT_CONVERSION = YES;
				CLANG_WARN_NON_LITERAL_NULL_CONVERSION = YES;
				CLANG_WARN_OBJC_IMPLICIT_RETAIN_SELF = YES;
				CLANG_WARN_OBJC_LITERAL_CONVERSION = YES;
				CLANG_WARN_OBJC_ROOT_CLASS = YES_ERROR;
				CLANG_WARN_RANGE_LOOP_ANALYSIS = YES;
				CLANG_WARN_STRICT_PROTOTYPES = YES;
				CLANG_WARN_SUSPICIOUS_MOVE = YES;
				CLANG_WARN_UNGUARDED_AVAILABILITY = YES_AGGRESSIVE;
				CLANG_WARN_UNREACHABLE_CODE = YES;
				CLANG_WARN__DUPLICATE_METHOD_MATCH = YES;
				CODE_SIGN_IDENTITY = "iPhone Developer";
				COPY_PHASE_STRIP = NO;
				CURRENT_PROJECT_VERSION = 1;
				DEBUG_INFORMATION_FORMAT = "dwarf-with-dsym";
				ENABLE_NS_ASSERTIONS = NO;
				ENABLE_STRICT_OBJC_MSGSEND = YES;
				GCC_C_LANGUAGE_STANDARD = gnu11;
				GCC_NO_COMMON_BLOCKS = YES;
				GCC_WARN_64_TO_32_BIT_CONVERSION = YES;
				GCC_WARN_ABOUT_RETURN_TYPE = YES_ERROR;
				GCC_WARN_UNDECLARED_SELECTOR = YES;
				GCC_WARN_UNINITIALIZED_AUTOS = YES_AGGRESSIVE;
				GCC_WARN_UNUSED_FUNCTION = YES;
				GCC_WARN_UNUSED_VARIABLE = YES;
				IPHONEOS_DEPLOYMENT_TARGET = 9.0;
				MTL_ENABLE_DEBUG_INFO = NO;
				SDKROOT = iphoneos;
				SWIFT_COMPILATION_MODE = wholemodule;
				SWIFT_OPTIMIZATION_LEVEL = "-O";
				VALIDATE_PRODUCT = YES;
				VERSIONING_SYSTEM = "apple-generic";
				VERSION_INFO_PREFIX = "";
			};
			name = Release;
		};
		606E41C320A59784009E4AA5 /* Debug */ = {
			isa = XCBuildConfiguration;
			buildSettings = {
				CLANG_ENABLE_MODULES = YES;
				CODE_SIGN_IDENTITY = "";
				CODE_SIGN_STYLE = Automatic;
				DEFINES_MODULE = YES;
				DEVELOPMENT_TEAM = 4GWS96ARLN;
				DYLIB_COMPATIBILITY_VERSION = 1;
				DYLIB_CURRENT_VERSION = 1;
				DYLIB_INSTALL_NAME_BASE = "@rpath";
				INFOPLIST_FILE = HQRouter/Info.plist;
				INSTALL_PATH = "$(LOCAL_LIBRARY_DIR)/Frameworks";
				LD_RUNPATH_SEARCH_PATHS = (
					"$(inherited)",
					"@executable_path/Frameworks",
					"@loader_path/Frameworks",
				);
				PRODUCT_BUNDLE_IDENTIFIER = router.components.personal.HQ.HQRouter;
				PRODUCT_NAME = "$(TARGET_NAME:c99extidentifier)";
				SKIP_INSTALL = YES;
				SWIFT_OPTIMIZATION_LEVEL = "-Onone";
				SWIFT_VERSION = 4.0;
				TARGETED_DEVICE_FAMILY = "1,2";
			};
			name = Debug;
		};
		606E41C420A59784009E4AA5 /* Release */ = {
			isa = XCBuildConfiguration;
			buildSettings = {
				CLANG_ENABLE_MODULES = YES;
				CODE_SIGN_IDENTITY = "";
				CODE_SIGN_STYLE = Automatic;
				DEFINES_MODULE = YES;
				DEVELOPMENT_TEAM = 4GWS96ARLN;
				DYLIB_COMPATIBILITY_VERSION = 1;
				DYLIB_CURRENT_VERSION = 1;
				DYLIB_INSTALL_NAME_BASE = "@rpath";
				INFOPLIST_FILE = HQRouter/Info.plist;
				INSTALL_PATH = "$(LOCAL_LIBRARY_DIR)/Frameworks";
				LD_RUNPATH_SEARCH_PATHS = (
					"$(inherited)",
					"@executable_path/Frameworks",
					"@loader_path/Frameworks",
				);
				PRODUCT_BUNDLE_IDENTIFIER = router.components.personal.HQ.HQRouter;
				PRODUCT_NAME = "$(TARGET_NAME:c99extidentifier)";
				SKIP_INSTALL = YES;
				SWIFT_VERSION = 4.0;
				TARGETED_DEVICE_FAMILY = "1,2";
			};
			name = Release;
		};
		8A8B65C320AB12FA008975ED /* Debug */ = {
			isa = XCBuildConfiguration;
			buildSettings = {
				ASSETCATALOG_COMPILER_APPICON_NAME = AppIcon;
				CODE_SIGN_STYLE = Automatic;
				DEVELOPMENT_TEAM = 4EXDER2SUV;
				INFOPLIST_FILE = HQRouterDemo/Info.plist;
				IPHONEOS_DEPLOYMENT_TARGET = 11.3;
				LD_RUNPATH_SEARCH_PATHS = (
					"$(inherited)",
					"@executable_path/Frameworks",
				);
				PRODUCT_BUNDLE_IDENTIFIER = com.personal.HQ.HQRouterDemo;
				PRODUCT_NAME = "$(TARGET_NAME)";
				SWIFT_VERSION = 4.0;
				TARGETED_DEVICE_FAMILY = "1,2";
			};
			name = Debug;
		};
		8A8B65C420AB12FA008975ED /* Release */ = {
			isa = XCBuildConfiguration;
			buildSettings = {
				ASSETCATALOG_COMPILER_APPICON_NAME = AppIcon;
				CODE_SIGN_STYLE = Automatic;
				DEVELOPMENT_TEAM = 4EXDER2SUV;
				INFOPLIST_FILE = HQRouterDemo/Info.plist;
				IPHONEOS_DEPLOYMENT_TARGET = 11.3;
				LD_RUNPATH_SEARCH_PATHS = (
					"$(inherited)",
					"@executable_path/Frameworks",
				);
				PRODUCT_BUNDLE_IDENTIFIER = com.personal.HQ.HQRouterDemo;
				PRODUCT_NAME = "$(TARGET_NAME)";
				SWIFT_VERSION = 4.0;
				TARGETED_DEVICE_FAMILY = "1,2";
			};
			name = Release;
		};
/* End XCBuildConfiguration section */

/* Begin XCConfigurationList section */
		606E41B420A59784009E4AA5 /* Build configuration list for PBXProject "HQRouter" */ = {
			isa = XCConfigurationList;
			buildConfigurations = (
				606E41C020A59784009E4AA5 /* Debug */,
				606E41C120A59784009E4AA5 /* Release */,
			);
			defaultConfigurationIsVisible = 0;
			defaultConfigurationName = Release;
		};
		606E41C220A59784009E4AA5 /* Build configuration list for PBXNativeTarget "HQRouter" */ = {
			isa = XCConfigurationList;
			buildConfigurations = (
				606E41C320A59784009E4AA5 /* Debug */,
				606E41C420A59784009E4AA5 /* Release */,
			);
			defaultConfigurationIsVisible = 0;
			defaultConfigurationName = Release;
		};
		8A8B65C520AB12FA008975ED /* Build configuration list for PBXNativeTarget "HQRouterDemo" */ = {
			isa = XCConfigurationList;
			buildConfigurations = (
				8A8B65C320AB12FA008975ED /* Debug */,
				8A8B65C420AB12FA008975ED /* Release */,
			);
			defaultConfigurationIsVisible = 0;
			defaultConfigurationName = Release;
		};
/* End XCConfigurationList section */
	};
	rootObject = 606E41B120A59784009E4AA5 /* Project object */;
}
