// !$*UTF8*$!
{
	archiveVersion = 1;
	classes = {
	};
	objectVersion = 50;
	objects = {

/* Begin PBXBuildFile section */
		604E0AE920CA2F2600F6BF53 /* StackLabel.swift in Sources */ = {isa = PBXBuildFile; fileRef = 604E0AE820CA2F2600F6BF53 /* StackLabel.swift */; };
		605335D220C8D1EA00F3434E /* ScrollLabel.swift in Sources */ = {isa = PBXBuildFile; fileRef = 605335D120C8D1EA00F3434E /* ScrollLabel.swift */; };
		605335D420C8D34400F3434E /* GradientView.swift in Sources */ = {isa = PBXBuildFile; fileRef = 605335D320C8D34400F3434E /* GradientView.swift */; };
		605335DD20C8F91400F3434E /* WebViewController.swift in Sources */ = {isa = PBXBuildFile; fileRef = 605335DC20C8F91400F3434E /* WebViewController.swift */; };
		606E2B4020CE21EF0095AA86 /* Assets.xcassets in Resources */ = {isa = PBXBuildFile; fileRef = 606E2B3F20CE21EF0095AA86 /* Assets.xcassets */; };
		606E2B4420CE3A140095AA86 /* WebViewDemo.swift in Sources */ = {isa = PBXBuildFile; fileRef = 606E2B4320CE3A140095AA86 /* WebViewDemo.swift */; };
		60B098C120B3B98300013A0B /* RefreshView.swift in Sources */ = {isa = PBXBuildFile; fileRef = 60B098C020B3B98300013A0B /* RefreshView.swift */; };
		60B098C320B4035100013A0B /* UIScrollView+HonQi.swift in Sources */ = {isa = PBXBuildFile; fileRef = 60B098C220B4035100013A0B /* UIScrollView+HonQi.swift */; };
		8A47702820B1B298002E4A17 /* UIWindow+HonQi.swift in Sources */ = {isa = PBXBuildFile; fileRef = 8A47702720B1B298002E4A17 /* UIWindow+HonQi.swift */; };
		8A47703220B1C2B0002E4A17 /* UINavigationBar+HonQi.swift in Sources */ = {isa = PBXBuildFile; fileRef = 8A47703120B1C2B0002E4A17 /* UINavigationBar+HonQi.swift */; };
		8A52E7DC20ABACE700E93C5C /* ScreenShot.swift in Sources */ = {isa = PBXBuildFile; fileRef = 8A52E7DB20ABACE700E93C5C /* ScreenShot.swift */; };
		8A5CD8B920AD00260053EE51 /* UIView+HonQi.swift in Sources */ = {isa = PBXBuildFile; fileRef = 8A5CD8B820AD00260053EE51 /* UIView+HonQi.swift */; };
		8A5CD8BB20AD01B40053EE51 /* UIColor+HonQi.swift in Sources */ = {isa = PBXBuildFile; fileRef = 8A5CD8BA20AD01B40053EE51 /* UIColor+HonQi.swift */; };
		8A5CD8BD20AD03210053EE51 /* UIImage+HonQi.swift in Sources */ = {isa = PBXBuildFile; fileRef = 8A5CD8BC20AD03210053EE51 /* UIImage+HonQi.swift */; };
		8A86235720B0197F00F8CF73 /* AppDelegate.swift in Sources */ = {isa = PBXBuildFile; fileRef = 8A86235620B0197F00F8CF73 /* AppDelegate.swift */; };
		8A86235920B0197F00F8CF73 /* ViewController.swift in Sources */ = {isa = PBXBuildFile; fileRef = 8A86235820B0197F00F8CF73 /* ViewController.swift */; };
		8A86235C20B0197F00F8CF73 /* Main.storyboard in Resources */ = {isa = PBXBuildFile; fileRef = 8A86235A20B0197F00F8CF73 /* Main.storyboard */; };
		8A86235E20B0198000F8CF73 /* Assets.xcassets in Resources */ = {isa = PBXBuildFile; fileRef = 8A86235D20B0198000F8CF73 /* Assets.xcassets */; };
		8A86236120B0198000F8CF73 /* LaunchScreen.storyboard in Resources */ = {isa = PBXBuildFile; fileRef = 8A86235F20B0198000F8CF73 /* LaunchScreen.storyboard */; };
		8A86236920B01AA500F8CF73 /* Refreshable.swift in Sources */ = {isa = PBXBuildFile; fileRef = 8A86236820B01AA500F8CF73 /* Refreshable.swift */; };
		8A86236B20B0220700F8CF73 /* TipView.swift in Sources */ = {isa = PBXBuildFile; fileRef = 8A86236A20B0220700F8CF73 /* TipView.swift */; };
		8A86236D20B024EC00F8CF73 /* RotaryCircleView.swift in Sources */ = {isa = PBXBuildFile; fileRef = 8A86236C20B024EC00F8CF73 /* RotaryCircleView.swift */; };
		8A86237020B0294800F8CF73 /* TipViewDemo.swift in Sources */ = {isa = PBXBuildFile; fileRef = 8A86236F20B0294800F8CF73 /* TipViewDemo.swift */; };
		8A86237220B02B0C00F8CF73 /* RotaryCircleDemo.swift in Sources */ = {isa = PBXBuildFile; fileRef = 8A86237120B02B0C00F8CF73 /* RotaryCircleDemo.swift */; };
		8A86237420B02B1F00F8CF73 /* RefreshDemo.swift in Sources */ = {isa = PBXBuildFile; fileRef = 8A86237320B02B1F00F8CF73 /* RefreshDemo.swift */; };
		8A86237520B0305300F8CF73 /* HQFoundation.framework in Frameworks */ = {isa = PBXBuildFile; fileRef = 8A8B65E020ABAA39008975ED /* HQFoundation.framework */; };
		8A86237A20B0335000F8CF73 /* HQKit.framework in CopyFiles */ = {isa = PBXBuildFile; fileRef = 8A8B65D020ABA98D008975ED /* HQKit.framework */; settings = {ATTRIBUTES = (CodeSignOnCopy, RemoveHeadersOnCopy, ); }; };
		8A86237E20B0336300F8CF73 /* HQFoundation.framework in CopyFiles */ = {isa = PBXBuildFile; fileRef = 8A8B65E020ABAA39008975ED /* HQFoundation.framework */; settings = {ATTRIBUTES = (CodeSignOnCopy, RemoveHeadersOnCopy, ); }; };
		8A8B65D520ABA98D008975ED /* HQKit.h in Headers */ = {isa = PBXBuildFile; fileRef = 8A8B65D320ABA98D008975ED /* HQKit.h */; settings = {ATTRIBUTES = (Public, ); }; };
		8A8B65DD20ABA9C0008975ED /* UIViewController+HonQi.swift in Sources */ = {isa = PBXBuildFile; fileRef = 8A8B65DC20ABA9C0008975ED /* UIViewController+HonQi.swift */; };
		8A8B65E120ABAA39008975ED /* HQFoundation.framework in Frameworks */ = {isa = PBXBuildFile; fileRef = 8A8B65E020ABAA39008975ED /* HQFoundation.framework */; };
/* End PBXBuildFile section */

/* Begin PBXContainerItemProxy section */
		8A86237B20B0335000F8CF73 /* PBXContainerItemProxy */ = {
			isa = PBXContainerItemProxy;
			containerPortal = 8A8B65C720ABA98D008975ED /* Project object */;
			proxyType = 1;
			remoteGlobalIDString = 8A8B65CF20ABA98D008975ED;
			remoteInfo = HQKit;
		};
/* End PBXContainerItemProxy section */

/* Begin PBXCopyFilesBuildPhase section */
		8A86237820B0325100F8CF73 /* CopyFiles */ = {
			isa = PBXCopyFilesBuildPhase;
			buildActionMask = 2147483647;
			dstPath = "";
			dstSubfolderSpec = 10;
			files = (
				8A86237E20B0336300F8CF73 /* HQFoundation.framework in CopyFiles */,
				8A86237A20B0335000F8CF73 /* HQKit.framework in CopyFiles */,
			);
			runOnlyForDeploymentPostprocessing = 0;
		};
/* End PBXCopyFilesBuildPhase section */

/* Begin PBXFileReference section */
		604E0AE820CA2F2600F6BF53 /* StackLabel.swift */ = {isa = PBXFileReference; lastKnownFileType = sourcecode.swift; path = StackLabel.swift; sourceTree = "<group>"; };
		605335D120C8D1EA00F3434E /* ScrollLabel.swift */ = {isa = PBXFileReference; lastKnownFileType = sourcecode.swift; path = ScrollLabel.swift; sourceTree = "<group>"; };
		605335D320C8D34400F3434E /* GradientView.swift */ = {isa = PBXFileReference; lastKnownFileType = sourcecode.swift; path = GradientView.swift; sourceTree = "<group>"; };
		605335DC20C8F91400F3434E /* WebViewController.swift */ = {isa = PBXFileReference; lastKnownFileType = sourcecode.swift; path = WebViewController.swift; sourceTree = "<group>"; };
		606E2B3F20CE21EF0095AA86 /* Assets.xcassets */ = {isa = PBXFileReference; lastKnownFileType = folder.assetcatalog; path = Assets.xcassets; sourceTree = "<group>"; };
		606E2B4320CE3A140095AA86 /* WebViewDemo.swift */ = {isa = PBXFileReference; lastKnownFileType = sourcecode.swift; path = WebViewDemo.swift; sourceTree = "<group>"; };
		60B098C020B3B98300013A0B /* RefreshView.swift */ = {isa = PBXFileReference; lastKnownFileType = sourcecode.swift; path = RefreshView.swift; sourceTree = "<group>"; };
		60B098C220B4035100013A0B /* UIScrollView+HonQi.swift */ = {isa = PBXFileReference; lastKnownFileType = sourcecode.swift; path = "UIScrollView+HonQi.swift"; sourceTree = "<group>"; };
		8A47702720B1B298002E4A17 /* UIWindow+HonQi.swift */ = {isa = PBXFileReference; lastKnownFileType = sourcecode.swift; path = "UIWindow+HonQi.swift"; sourceTree = "<group>"; };
		8A47703120B1C2B0002E4A17 /* UINavigationBar+HonQi.swift */ = {isa = PBXFileReference; lastKnownFileType = sourcecode.swift; path = "UINavigationBar+HonQi.swift"; sourceTree = "<group>"; };
		8A52E7DB20ABACE700E93C5C /* ScreenShot.swift */ = {isa = PBXFileReference; lastKnownFileType = sourcecode.swift; path = ScreenShot.swift; sourceTree = "<group>"; };
		8A5CD8B820AD00260053EE51 /* UIView+HonQi.swift */ = {isa = PBXFileReference; lastKnownFileType = sourcecode.swift; path = "UIView+HonQi.swift"; sourceTree = "<group>"; };
		8A5CD8BA20AD01B40053EE51 /* UIColor+HonQi.swift */ = {isa = PBXFileReference; lastKnownFileType = sourcecode.swift; path = "UIColor+HonQi.swift"; sourceTree = "<group>"; };
		8A5CD8BC20AD03210053EE51 /* UIImage+HonQi.swift */ = {isa = PBXFileReference; lastKnownFileType = sourcecode.swift; path = "UIImage+HonQi.swift"; sourceTree = "<group>"; };
		8A86235420B0197F00F8CF73 /* HQKitDemo.app */ = {isa = PBXFileReference; explicitFileType = wrapper.application; includeInIndex = 0; path = HQKitDemo.app; sourceTree = BUILT_PRODUCTS_DIR; };
		8A86235620B0197F00F8CF73 /* AppDelegate.swift */ = {isa = PBXFileReference; lastKnownFileType = sourcecode.swift; path = AppDelegate.swift; sourceTree = "<group>"; };
		8A86235820B0197F00F8CF73 /* ViewController.swift */ = {isa = PBXFileReference; lastKnownFileType = sourcecode.swift; path = ViewController.swift; sourceTree = "<group>"; };
		8A86235B20B0197F00F8CF73 /* Base */ = {isa = PBXFileReference; lastKnownFileType = file.storyboard; name = Base; path = Base.lproj/Main.storyboard; sourceTree = "<group>"; };
		8A86235D20B0198000F8CF73 /* Assets.xcassets */ = {isa = PBXFileReference; lastKnownFileType = folder.assetcatalog; path = Assets.xcassets; sourceTree = "<group>"; };
		8A86236020B0198000F8CF73 /* Base */ = {isa = PBXFileReference; lastKnownFileType = file.storyboard; name = Base; path = Base.lproj/LaunchScreen.storyboard; sourceTree = "<group>"; };
		8A86236220B0198000F8CF73 /* Info.plist */ = {isa = PBXFileReference; lastKnownFileType = text.plist.xml; path = Info.plist; sourceTree = "<group>"; };
		8A86236820B01AA500F8CF73 /* Refreshable.swift */ = {isa = PBXFileReference; lastKnownFileType = sourcecode.swift; path = Refreshable.swift; sourceTree = "<group>"; };
		8A86236A20B0220700F8CF73 /* TipView.swift */ = {isa = PBXFileReference; lastKnownFileType = sourcecode.swift; path = TipView.swift; sourceTree = "<group>"; };
		8A86236C20B024EC00F8CF73 /* RotaryCircleView.swift */ = {isa = PBXFileReference; lastKnownFileType = sourcecode.swift; path = RotaryCircleView.swift; sourceTree = "<group>"; };
		8A86236F20B0294800F8CF73 /* TipViewDemo.swift */ = {isa = PBXFileReference; lastKnownFileType = sourcecode.swift; path = TipViewDemo.swift; sourceTree = "<group>"; };
		8A86237120B02B0C00F8CF73 /* RotaryCircleDemo.swift */ = {isa = PBXFileReference; lastKnownFileType = sourcecode.swift; path = RotaryCircleDemo.swift; sourceTree = "<group>"; };
		8A86237320B02B1F00F8CF73 /* RefreshDemo.swift */ = {isa = PBXFileReference; lastKnownFileType = sourcecode.swift; path = RefreshDemo.swift; sourceTree = "<group>"; };
		8A8B65D020ABA98D008975ED /* HQKit.framework */ = {isa = PBXFileReference; explicitFileType = wrapper.framework; includeInIndex = 0; path = HQKit.framework; sourceTree = BUILT_PRODUCTS_DIR; };
		8A8B65D320ABA98D008975ED /* HQKit.h */ = {isa = PBXFileReference; lastKnownFileType = sourcecode.c.h; path = HQKit.h; sourceTree = "<group>"; };
		8A8B65D420ABA98D008975ED /* Info.plist */ = {isa = PBXFileReference; lastKnownFileType = text.plist.xml; path = Info.plist; sourceTree = "<group>"; };
		8A8B65DC20ABA9C0008975ED /* UIViewController+HonQi.swift */ = {isa = PBXFileReference; lastKnownFileType = sourcecode.swift; path = "UIViewController+HonQi.swift"; sourceTree = "<group>"; };
		8A8B65E020ABAA39008975ED /* HQFoundation.framework */ = {isa = PBXFileReference; lastKnownFileType = wrapper.framework; name = HQFoundation.framework; path = Carthage/Build/iOS/HQFoundation.framework; sourceTree = "<group>"; };
/* End PBXFileReference section */

/* Begin PBXFrameworksBuildPhase section */
		8A86235120B0197F00F8CF73 /* Frameworks */ = {
			isa = PBXFrameworksBuildPhase;
			buildActionMask = 2147483647;
			files = (
				8A86237520B0305300F8CF73 /* HQFoundation.framework in Frameworks */,
			);
			runOnlyForDeploymentPostprocessing = 0;
		};
		8A8B65CC20ABA98D008975ED /* Frameworks */ = {
			isa = PBXFrameworksBuildPhase;
			buildActionMask = 2147483647;
			files = (
				8A8B65E120ABAA39008975ED /* HQFoundation.framework in Frameworks */,
			);
			runOnlyForDeploymentPostprocessing = 0;
		};
/* End PBXFrameworksBuildPhase section */

/* Begin PBXGroup section */
		60247E8120CF9E0700B050A3 /* Controller */ = {
			isa = PBXGroup;
			children = (
				605335DC20C8F91400F3434E /* WebViewController.swift */,
			);
			path = Controller;
			sourceTree = "<group>";
		};
		605335D020C8D1CC00F3434E /* View */ = {
			isa = PBXGroup;
			children = (
				604E0AE820CA2F2600F6BF53 /* StackLabel.swift */,
				8A86236C20B024EC00F8CF73 /* RotaryCircleView.swift */,
				8A86236A20B0220700F8CF73 /* TipView.swift */,
				605335D120C8D1EA00F3434E /* ScrollLabel.swift */,
				605335D320C8D34400F3434E /* GradientView.swift */,
			);
			path = View;
			sourceTree = "<group>";
		};
		7AAED04D2121B03300D4B169 /* Supporting Files */ = {
			isa = PBXGroup;
			children = (
				8A8B65D320ABA98D008975ED /* HQKit.h */,
				8A8B65D420ABA98D008975ED /* Info.plist */,
				606E2B3F20CE21EF0095AA86 /* Assets.xcassets */,
			);
			name = "Supporting Files";
			path = "New Group";
			sourceTree = "<group>";
		};
		7AAED04E2121B13000D4B169 /* Feature */ = {
			isa = PBXGroup;
			children = (
				8A52E7DB20ABACE700E93C5C /* ScreenShot.swift */,
			);
			path = Feature;
			sourceTree = "<group>";
		};
		8A86235520B0197F00F8CF73 /* HQKitDemo */ = {
			isa = PBXGroup;
			children = (
				8A86236E20B0292000F8CF73 /* Controllers */,
				8A86235620B0197F00F8CF73 /* AppDelegate.swift */,
				8A86235820B0197F00F8CF73 /* ViewController.swift */,
				8A86235A20B0197F00F8CF73 /* Main.storyboard */,
				8A86235D20B0198000F8CF73 /* Assets.xcassets */,
				8A86235F20B0198000F8CF73 /* LaunchScreen.storyboard */,
				8A86236220B0198000F8CF73 /* Info.plist */,
			);
			path = HQKitDemo;
			sourceTree = "<group>";
		};
		8A86236720B01A8200F8CF73 /* Refresh */ = {
			isa = PBXGroup;
			children = (
				8A86236820B01AA500F8CF73 /* Refreshable.swift */,
				60B098C020B3B98300013A0B /* RefreshView.swift */,
			);
			path = Refresh;
			sourceTree = "<group>";
		};
		8A86236E20B0292000F8CF73 /* Controllers */ = {
			isa = PBXGroup;
			children = (
				8A86236F20B0294800F8CF73 /* TipViewDemo.swift */,
				8A86237120B02B0C00F8CF73 /* RotaryCircleDemo.swift */,
				8A86237320B02B1F00F8CF73 /* RefreshDemo.swift */,
				606E2B4320CE3A140095AA86 /* WebViewDemo.swift */,
			);
			path = Controllers;
			sourceTree = "<group>";
		};
		8A8B65C620ABA98D008975ED = {
			isa = PBXGroup;
			children = (
				8A8B65D220ABA98D008975ED /* HQKit */,
				8A86235520B0197F00F8CF73 /* HQKitDemo */,
				8A8B65D120ABA98D008975ED /* Products */,
				8A8B65DF20ABAA39008975ED /* Frameworks */,
			);
			sourceTree = "<group>";
		};
		8A8B65D120ABA98D008975ED /* Products */ = {
			isa = PBXGroup;
			children = (
				8A8B65D020ABA98D008975ED /* HQKit.framework */,
				8A86235420B0197F00F8CF73 /* HQKitDemo.app */,
			);
			name = Products;
			sourceTree = "<group>";
		};
		8A8B65D220ABA98D008975ED /* HQKit */ = {
			isa = PBXGroup;
			children = (
				7AAED04E2121B13000D4B169 /* Feature */,
				60247E8120CF9E0700B050A3 /* Controller */,
				605335D020C8D1CC00F3434E /* View */,
				8A86236720B01A8200F8CF73 /* Refresh */,
				8A8B65DB20ABA9AB008975ED /* Extension */,
				7AAED04D2121B03300D4B169 /* Supporting Files */,
			);
			path = HQKit;
			sourceTree = "<group>";
		};
		8A8B65DB20ABA9AB008975ED /* Extension */ = {
			isa = PBXGroup;
			children = (
				8A8B65DC20ABA9C0008975ED /* UIViewController+HonQi.swift */,
				8A5CD8B820AD00260053EE51 /* UIView+HonQi.swift */,
				8A5CD8BA20AD01B40053EE51 /* UIColor+HonQi.swift */,
				8A5CD8BC20AD03210053EE51 /* UIImage+HonQi.swift */,
				8A47702720B1B298002E4A17 /* UIWindow+HonQi.swift */,
				8A47703120B1C2B0002E4A17 /* UINavigationBar+HonQi.swift */,
				60B098C220B4035100013A0B /* UIScrollView+HonQi.swift */,
			);
			path = Extension;
			sourceTree = "<group>";
		};
		8A8B65DF20ABAA39008975ED /* Frameworks */ = {
			isa = PBXGroup;
			children = (
				8A8B65E020ABAA39008975ED /* HQFoundation.framework */,
			);
			name = Frameworks;
			sourceTree = "<group>";
		};
/* End PBXGroup section */

/* Begin PBXHeadersBuildPhase section */
		8A8B65CD20ABA98D008975ED /* Headers */ = {
			isa = PBXHeadersBuildPhase;
			buildActionMask = 2147483647;
			files = (
				8A8B65D520ABA98D008975ED /* HQKit.h in Headers */,
			);
			runOnlyForDeploymentPostprocessing = 0;
		};
/* End PBXHeadersBuildPhase section */

/* Begin PBXNativeTarget section */
		8A86235320B0197F00F8CF73 /* HQKitDemo */ = {
			isa = PBXNativeTarget;
			buildConfigurationList = 8A86236520B0198000F8CF73 /* Build configuration list for PBXNativeTarget "HQKitDemo" */;
			buildPhases = (
				8A86235020B0197F00F8CF73 /* Sources */,
				8A86237820B0325100F8CF73 /* CopyFiles */,
				8A86235120B0197F00F8CF73 /* Frameworks */,
				8A86235220B0197F00F8CF73 /* Resources */,
			);
			buildRules = (
			);
			dependencies = (
				8A86237C20B0335000F8CF73 /* PBXTargetDependency */,
			);
			name = HQKitDemo;
			productName = HQKitDemo;
			productReference = 8A86235420B0197F00F8CF73 /* HQKitDemo.app */;
			productType = "com.apple.product-type.application";
		};
		8A8B65CF20ABA98D008975ED /* HQKit */ = {
			isa = PBXNativeTarget;
			buildConfigurationList = 8A8B65D820ABA98D008975ED /* Build configuration list for PBXNativeTarget "HQKit" */;
			buildPhases = (
				60B098BF20B3B75C00013A0B /* ShellScript */,
				8A8B65CB20ABA98D008975ED /* Sources */,
				8A8B65CC20ABA98D008975ED /* Frameworks */,
				8A8B65CD20ABA98D008975ED /* Headers */,
				8A8B65CE20ABA98D008975ED /* Resources */,
				8A8B65DE20ABAA18008975ED /* ShellScript */,
			);
			buildRules = (
			);
			dependencies = (
			);
			name = HQKit;
			productName = HQKit;
			productReference = 8A8B65D020ABA98D008975ED /* HQKit.framework */;
			productType = "com.apple.product-type.framework";
		};
/* End PBXNativeTarget section */

/* Begin PBXProject section */
		8A8B65C720ABA98D008975ED /* Project object */ = {
			isa = PBXProject;
			attributes = {
				LastSwiftUpdateCheck = 0930;
				LastUpgradeCheck = 0930;
				ORGANIZATIONNAME = "HonQi Indie";
				TargetAttributes = {
					8A86235320B0197F00F8CF73 = {
						CreatedOnToolsVersion = 9.3.1;
					};
					8A8B65CF20ABA98D008975ED = {
						CreatedOnToolsVersion = 9.3;
						LastSwiftMigration = 0930;
					};
				};
			};
			buildConfigurationList = 8A8B65CA20ABA98D008975ED /* Build configuration list for PBXProject "HQKit" */;
			compatibilityVersion = "Xcode 9.3";
			developmentRegion = en;
			hasScannedForEncodings = 0;
			knownRegions = (
				en,
				Base,
			);
			mainGroup = 8A8B65C620ABA98D008975ED;
			productRefGroup = 8A8B65D120ABA98D008975ED /* Products */;
			projectDirPath = "";
			projectRoot = "";
			targets = (
				8A8B65CF20ABA98D008975ED /* HQKit */,
				8A86235320B0197F00F8CF73 /* HQKitDemo */,
			);
		};
/* End PBXProject section */

/* Begin PBXResourcesBuildPhase section */
		8A86235220B0197F00F8CF73 /* Resources */ = {
			isa = PBXResourcesBuildPhase;
			buildActionMask = 2147483647;
			files = (
				8A86236120B0198000F8CF73 /* LaunchScreen.storyboard in Resources */,
				8A86235E20B0198000F8CF73 /* Assets.xcassets in Resources */,
				8A86235C20B0197F00F8CF73 /* Main.storyboard in Resources */,
			);
			runOnlyForDeploymentPostprocessing = 0;
		};
		8A8B65CE20ABA98D008975ED /* Resources */ = {
			isa = PBXResourcesBuildPhase;
			buildActionMask = 2147483647;
			files = (
				606E2B4020CE21EF0095AA86 /* Assets.xcassets in Resources */,
			);
			runOnlyForDeploymentPostprocessing = 0;
		};
/* End PBXResourcesBuildPhase section */

/* Begin PBXShellScriptBuildPhase section */
		60B098BF20B3B75C00013A0B /* ShellScript */ = {
			isa = PBXShellScriptBuildPhase;
			buildActionMask = 8;
			files = (
			);
			inputPaths = (
			);
			outputPaths = (
			);
			runOnlyForDeploymentPostprocessing = 1;
			shellPath = /bin/sh;
			shellScript = ../update_self.sh;
		};
		8A8B65DE20ABAA18008975ED /* ShellScript */ = {
			isa = PBXShellScriptBuildPhase;
			buildActionMask = 2147483647;
			files = (
			);
			inputPaths = (
				"$(SRCROOT)/Carthage/Build/iOS/HQFoundation.framework",
			);
			outputPaths = (
			);
			runOnlyForDeploymentPostprocessing = 0;
			shellPath = /bin/sh;
			shellScript = "/usr/local/bin/carthage copy-frameworks";
		};
/* End PBXShellScriptBuildPhase section */

/* Begin PBXSourcesBuildPhase section */
		8A86235020B0197F00F8CF73 /* Sources */ = {
			isa = PBXSourcesBuildPhase;
			buildActionMask = 2147483647;
			files = (
				606E2B4420CE3A140095AA86 /* WebViewDemo.swift in Sources */,
				8A86237020B0294800F8CF73 /* TipViewDemo.swift in Sources */,
				8A86237220B02B0C00F8CF73 /* RotaryCircleDemo.swift in Sources */,
				8A86235920B0197F00F8CF73 /* ViewController.swift in Sources */,
				8A86237420B02B1F00F8CF73 /* RefreshDemo.swift in Sources */,
				8A86235720B0197F00F8CF73 /* AppDelegate.swift in Sources */,
			);
			runOnlyForDeploymentPostprocessing = 0;
		};
		8A8B65CB20ABA98D008975ED /* Sources */ = {
			isa = PBXSourcesBuildPhase;
			buildActionMask = 2147483647;
			files = (
				605335D220C8D1EA00F3434E /* ScrollLabel.swift in Sources */,
				604E0AE920CA2F2600F6BF53 /* StackLabel.swift in Sources */,
				60B098C120B3B98300013A0B /* RefreshView.swift in Sources */,
				8A86236B20B0220700F8CF73 /* TipView.swift in Sources */,
				8A5CD8BD20AD03210053EE51 /* UIImage+HonQi.swift in Sources */,
				605335D420C8D34400F3434E /* GradientView.swift in Sources */,
				8A5CD8B920AD00260053EE51 /* UIView+HonQi.swift in Sources */,
				8A8B65DD20ABA9C0008975ED /* UIViewController+HonQi.swift in Sources */,
				8A86236920B01AA500F8CF73 /* Refreshable.swift in Sources */,
				8A47702820B1B298002E4A17 /* UIWindow+HonQi.swift in Sources */,
				60B098C320B4035100013A0B /* UIScrollView+HonQi.swift in Sources */,
				8A52E7DC20ABACE700E93C5C /* ScreenShot.swift in Sources */,
				8A47703220B1C2B0002E4A17 /* UINavigationBar+HonQi.swift in Sources */,
				8A5CD8BB20AD01B40053EE51 /* UIColor+HonQi.swift in Sources */,
				605335DD20C8F91400F3434E /* WebViewController.swift in Sources */,
				8A86236D20B024EC00F8CF73 /* RotaryCircleView.swift in Sources */,
			);
			runOnlyForDeploymentPostprocessing = 0;
		};
/* End PBXSourcesBuildPhase section */

/* Begin PBXTargetDependency section */
		8A86237C20B0335000F8CF73 /* PBXTargetDependency */ = {
			isa = PBXTargetDependency;
			target = 8A8B65CF20ABA98D008975ED /* HQKit */;
			targetProxy = 8A86237B20B0335000F8CF73 /* PBXContainerItemProxy */;
		};
/* End PBXTargetDependency section */

/* Begin PBXVariantGroup section */
		8A86235A20B0197F00F8CF73 /* Main.storyboard */ = {
			isa = PBXVariantGroup;
			children = (
				8A86235B20B0197F00F8CF73 /* Base */,
			);
			name = Main.storyboard;
			sourceTree = "<group>";
		};
		8A86235F20B0198000F8CF73 /* LaunchScreen.storyboard */ = {
			isa = PBXVariantGroup;
			children = (
				8A86236020B0198000F8CF73 /* Base */,
			);
			name = LaunchScreen.storyboard;
			sourceTree = "<group>";
		};
/* End PBXVariantGroup section */

/* Begin XCBuildConfiguration section */
		8A86236320B0198000F8CF73 /* Debug */ = {
			isa = XCBuildConfiguration;
			buildSettings = {
				ALWAYS_EMBED_SWIFT_STANDARD_LIBRARIES = YES;
				ASSETCATALOG_COMPILER_APPICON_NAME = AppIcon;
				CODE_SIGN_STYLE = Automatic;
				DEVELOPMENT_TEAM = 4EXDER2SUV;
				FRAMEWORK_SEARCH_PATHS = (
					"$(inherited)",
					"$(PROJECT_DIR)/Carthage/Build/iOS",
				);
				INFOPLIST_FILE = HQKitDemo/Info.plist;
				IPHONEOS_DEPLOYMENT_TARGET = 11.3;
				LD_RUNPATH_SEARCH_PATHS = (
					"$(inherited)",
					"@executable_path/Frameworks",
				);
				PRODUCT_BUNDLE_IDENTIFIER = me.HonQi.KitDemo;
				PRODUCT_NAME = "$(TARGET_NAME)";
				SWIFT_VERSION = 4.0;
				TARGETED_DEVICE_FAMILY = "1,2";
			};
			name = Debug;
		};
		8A86236420B0198000F8CF73 /* Release */ = {
			isa = XCBuildConfiguration;
			buildSettings = {
				ALWAYS_EMBED_SWIFT_STANDARD_LIBRARIES = YES;
				ASSETCATALOG_COMPILER_APPICON_NAME = AppIcon;
				CODE_SIGN_STYLE = Automatic;
				DEVELOPMENT_TEAM = 4EXDER2SUV;
				FRAMEWORK_SEARCH_PATHS = (
					"$(inherited)",
					"$(PROJECT_DIR)/Carthage/Build/iOS",
				);
				INFOPLIST_FILE = HQKitDemo/Info.plist;
				IPHONEOS_DEPLOYMENT_TARGET = 11.3;
				LD_RUNPATH_SEARCH_PATHS = (
					"$(inherited)",
					"@executable_path/Frameworks",
				);
				PRODUCT_BUNDLE_IDENTIFIER = me.HonQi.KitDemo;
				PRODUCT_NAME = "$(TARGET_NAME)";
				SWIFT_VERSION = 4.0;
				TARGETED_DEVICE_FAMILY = "1,2";
			};
			name = Release;
		};
		8A8B65D620ABA98D008975ED /* Debug */ = {
			isa = XCBuildConfiguration;
			buildSettings = {
				ALWAYS_SEARCH_USER_PATHS = NO;
				CLANG_ANALYZER_NONNULL = YES;
				CLANG_ANALYZER_NUMBER_OBJECT_CONVERSION = YES_AGGRESSIVE;
				CLANG_CXX_LANGUAGE_STANDARD = "gnu++14";
				CLANG_CXX_LIBRARY = "libc++";
				CLANG_ENABLE_MODULES = YES;
				CLANG_ENABLE_OBJC_ARC = YES;
				CLANG_ENABLE_OBJC_WEAK = YES;
				CLANG_WARN_BLOCK_CAPTURE_AUTORELEASING = YES;
				CLANG_WARN_BOOL_CONVERSION = YES;
				CLANG_WARN_COMMA = YES;
				CLANG_WARN_CONSTANT_CONVERSION = YES;
				CLANG_WARN_DEPRECATED_OBJC_IMPLEMENTATIONS = YES;
				CLANG_WARN_DIRECT_OBJC_ISA_USAGE = YES_ERROR;
				CLANG_WARN_DOCUMENTATION_COMMENTS = YES;
				CLANG_WARN_EMPTY_BODY = YES;
				CLANG_WARN_ENUM_CONVERSION = YES;
				CLANG_WARN_INFINITE_RECURSION = YES;
				CLANG_WARN_INT_CONVERSION = YES;
				CLANG_WARN_NON_LITERAL_NULL_CONVERSION = YES;
				CLANG_WARN_OBJC_IMPLICIT_RETAIN_SELF = YES;
				CLANG_WARN_OBJC_LITERAL_CONVERSION = YES;
				CLANG_WARN_OBJC_ROOT_CLASS = YES_ERROR;
				CLANG_WARN_RANGE_LOOP_ANALYSIS = YES;
				CLANG_WARN_STRICT_PROTOTYPES = YES;
				CLANG_WARN_SUSPICIOUS_MOVE = YES;
				CLANG_WARN_UNGUARDED_AVAILABILITY = YES_AGGRESSIVE;
				CLANG_WARN_UNREACHABLE_CODE = YES;
				CLANG_WARN__DUPLICATE_METHOD_MATCH = YES;
				CODE_SIGN_IDENTITY = "iPhone Developer";
				COPY_PHASE_STRIP = NO;
				CURRENT_PROJECT_VERSION = 1;
				DEBUG_INFORMATION_FORMAT = dwarf;
				ENABLE_STRICT_OBJC_MSGSEND = YES;
				ENABLE_TESTABILITY = YES;
				GCC_C_LANGUAGE_STANDARD = gnu11;
				GCC_DYNAMIC_NO_PIC = NO;
				GCC_NO_COMMON_BLOCKS = YES;
				GCC_OPTIMIZATION_LEVEL = 0;
				GCC_PREPROCESSOR_DEFINITIONS = (
					"DEBUG=1",
					"$(inherited)",
				);
				GCC_WARN_64_TO_32_BIT_CONVERSION = YES;
				GCC_WARN_ABOUT_RETURN_TYPE = YES_ERROR;
				GCC_WARN_UNDECLARED_SELECTOR = YES;
				GCC_WARN_UNINITIALIZED_AUTOS = YES_AGGRESSIVE;
				GCC_WARN_UNUSED_FUNCTION = YES;
				GCC_WARN_UNUSED_VARIABLE = YES;
				IPHONEOS_DEPLOYMENT_TARGET = 9.0;
				MTL_ENABLE_DEBUG_INFO = YES;
				ONLY_ACTIVE_ARCH = YES;
				SDKROOT = iphoneos;
				SWIFT_ACTIVE_COMPILATION_CONDITIONS = DEBUG;
				SWIFT_OPTIMIZATION_LEVEL = "-Onone";
				VERSIONING_SYSTEM = "apple-generic";
				VERSION_INFO_PREFIX = "";
			};
			name = Debug;
		};
		8A8B65D720ABA98D008975ED /* Release */ = {
			isa = XCBuildConfiguration;
			buildSettings = {
				ALWAYS_SEARCH_USER_PATHS = NO;
				CLANG_ANALYZER_NONNULL = YES;
				CLANG_ANALYZER_NUMBER_OBJECT_CONVERSION = YES_AGGRESSIVE;
				CLANG_CXX_LANGUAGE_STANDARD = "gnu++14";
				CLANG_CXX_LIBRARY = "libc++";
				CLANG_ENABLE_MODULES = YES;
				CLANG_ENABLE_OBJC_ARC = YES;
				CLANG_ENABLE_OBJC_WEAK = YES;
				CLANG_WARN_BLOCK_CAPTURE_AUTORELEASING = YES;
				CLANG_WARN_BOOL_CONVERSION = YES;
				CLANG_WARN_COMMA = YES;
				CLANG_WARN_CONSTANT_CONVERSION = YES;
				CLANG_WARN_DEPRECATED_OBJC_IMPLEMENTATIONS = YES;
				CLANG_WARN_DIRECT_OBJC_ISA_USAGE = YES_ERROR;
				CLANG_WARN_DOCUMENTATION_COMMENTS = YES;
				CLANG_WARN_EMPTY_BODY = YES;
				CLANG_WARN_ENUM_CONVERSION = YES;
				CLANG_WARN_INFINITE_RECURSION = YES;
				CLANG_WARN_INT_CONVERSION = YES;
				CLANG_WARN_NON_LITERAL_NULL_CONVERSION = YES;
				CLANG_WARN_OBJC_IMPLICIT_RETAIN_SELF = YES;
				CLANG_WARN_OBJC_LITERAL_CONVERSION = YES;
				CLANG_WARN_OBJC_ROOT_CLASS = YES_ERROR;
				CLANG_WARN_RANGE_LOOP_ANALYSIS = YES;
				CLANG_WARN_STRICT_PROTOTYPES = YES;
				CLANG_WARN_SUSPICIOUS_MOVE = YES;
				CLANG_WARN_UNGUARDED_AVAILABILITY = YES_AGGRESSIVE;
				CLANG_WARN_UNREACHABLE_CODE = YES;
				CLANG_WARN__DUPLICATE_METHOD_MATCH = YES;
				CODE_SIGN_IDENTITY = "iPhone Developer";
				COPY_PHASE_STRIP = NO;
				CURRENT_PROJECT_VERSION = 1;
				DEBUG_INFORMATION_FORMAT = "dwarf-with-dsym";
				ENABLE_NS_ASSERTIONS = NO;
				ENABLE_STRICT_OBJC_MSGSEND = YES;
				GCC_C_LANGUAGE_STANDARD = gnu11;
				GCC_NO_COMMON_BLOCKS = YES;
				GCC_WARN_64_TO_32_BIT_CONVERSION = YES;
				GCC_WARN_ABOUT_RETURN_TYPE = YES_ERROR;
				GCC_WARN_UNDECLARED_SELECTOR = YES;
				GCC_WARN_UNINITIALIZED_AUTOS = YES_AGGRESSIVE;
				GCC_WARN_UNUSED_FUNCTION = YES;
				GCC_WARN_UNUSED_VARIABLE = YES;
				IPHONEOS_DEPLOYMENT_TARGET = 9.0;
				MTL_ENABLE_DEBUG_INFO = NO;
				SDKROOT = iphoneos;
				SWIFT_COMPILATION_MODE = wholemodule;
				SWIFT_OPTIMIZATION_LEVEL = "-O";
				VALIDATE_PRODUCT = YES;
				VERSIONING_SYSTEM = "apple-generic";
				VERSION_INFO_PREFIX = "";
			};
			name = Release;
		};
		8A8B65D920ABA98D008975ED /* Debug */ = {
			isa = XCBuildConfiguration;
			buildSettings = {
				CLANG_ENABLE_MODULES = YES;
				CODE_SIGN_IDENTITY = "";
				CODE_SIGN_STYLE = Automatic;
				DEFINES_MODULE = YES;
				DEVELOPMENT_TEAM = 4EXDER2SUV;
				DYLIB_COMPATIBILITY_VERSION = 1;
				DYLIB_CURRENT_VERSION = 1;
				DYLIB_INSTALL_NAME_BASE = "@rpath";
				FRAMEWORK_SEARCH_PATHS = (
					"$(inherited)",
					"$(PROJECT_DIR)/Carthage/Build/iOS",
				);
				INFOPLIST_FILE = "$(SRCROOT)/HQKit/New Group/Info.plist";
				INSTALL_PATH = "$(LOCAL_LIBRARY_DIR)/Frameworks";
				LD_RUNPATH_SEARCH_PATHS = (
					"$(inherited)",
					"@executable_path/Frameworks",
					"@loader_path/Frameworks",
				);
				PRODUCT_BUNDLE_IDENTIFIER = me.HonKi.Kit;
				PRODUCT_NAME = "$(TARGET_NAME:c99extidentifier)";
				SKIP_INSTALL = YES;
				SWIFT_OPTIMIZATION_LEVEL = "-Onone";
				SWIFT_VERSION = 4.0;
				TARGETED_DEVICE_FAMILY = "1,2";
			};
			name = Debug;
		};
		8A8B65DA20ABA98D008975ED /* Release */ = {
			isa = XCBuildConfiguration;
			buildSettings = {
				CLANG_ENABLE_MODULES = YES;
				CODE_SIGN_IDENTITY = "";
				CODE_SIGN_STYLE = Automatic;
				DEFINES_MODULE = YES;
				DEVELOPMENT_TEAM = 4EXDER2SUV;
				DYLIB_COMPATIBILITY_VERSION = 1;
				DYLIB_CURRENT_VERSION = 1;
				DYLIB_INSTALL_NAME_BASE = "@rpath";
				FRAMEWORK_SEARCH_PATHS = (
					"$(inherited)",
					"$(PROJECT_DIR)/Carthage/Build/iOS",
				);
				INFOPLIST_FILE = "$(SRCROOT)/HQKit/New Group/Info.plist";
				INSTALL_PATH = "$(LOCAL_LIBRARY_DIR)/Frameworks";
				LD_RUNPATH_SEARCH_PATHS = (
					"$(inherited)",
					"@executable_path/Frameworks",
					"@loader_path/Frameworks",
				);
				PRODUCT_BUNDLE_IDENTIFIER = me.HonKi.Kit;
				PRODUCT_NAME = "$(TARGET_NAME:c99extidentifier)";
				SKIP_INSTALL = YES;
				SWIFT_VERSION = 4.0;
				TARGETED_DEVICE_FAMILY = "1,2";
			};
			name = Release;
		};
/* End XCBuildConfiguration section */

/* Begin XCConfigurationList section */
		8A86236520B0198000F8CF73 /* Build configuration list for PBXNativeTarget "HQKitDemo" */ = {
			isa = XCConfigurationList;
			buildConfigurations = (
				8A86236320B0198000F8CF73 /* Debug */,
				8A86236420B0198000F8CF73 /* Release */,
			);
			defaultConfigurationIsVisible = 0;
			defaultConfigurationName = Release;
		};
		8A8B65CA20ABA98D008975ED /* Build configuration list for PBXProject "HQKit" */ = {
			isa = XCConfigurationList;
			buildConfigurations = (
				8A8B65D620ABA98D008975ED /* Debug */,
				8A8B65D720ABA98D008975ED /* Release */,
			);
			defaultConfigurationIsVisible = 0;
			defaultConfigurationName = Release;
		};
		8A8B65D820ABA98D008975ED /* Build configuration list for PBXNativeTarget "HQKit" */ = {
			isa = XCConfigurationList;
			buildConfigurations = (
				8A8B65D920ABA98D008975ED /* Debug */,
				8A8B65DA20ABA98D008975ED /* Release */,
			);
			defaultConfigurationIsVisible = 0;
			defaultConfigurationName = Release;
		};
/* End XCConfigurationList section */
	};
	rootObject = 8A8B65C720ABA98D008975ED /* Project object */;
}
