// !$*UTF8*$!
{
	archiveVersion = 1;
	classes = {
	};
	objectVersion = 48;
	objects = {

/* Begin PBXBuildFile section */
		1B94374E37A8A78450308188 /* Pods_HQDownload.framework in Frameworks */ = {isa = PBXBuildFile; fileRef = EEF9211001E57ED9F84A542A /* Pods_HQDownload.framework */; };
		6001740321099F7C00509CDD /* OperatorTest.swift in Sources */ = {isa = PBXBuildFile; fileRef = 6001740221099F7C00509CDD /* OperatorTest.swift */; };
		601225F720BFD2C1008467CB /* DownloadOptions.swift in Sources */ = {isa = PBXBuildFile; fileRef = 601225F620BFD2C1008467CB /* DownloadOptions.swift */; };
		601225F920BFE197008467CB /* DownloadScheduler.swift in Sources */ = {isa = PBXBuildFile; fileRef = 601225F820BFE197008467CB /* DownloadScheduler.swift */; };
		60247E8320CFBD0D00B050A3 /* Extensions.swift in Sources */ = {isa = PBXBuildFile; fileRef = 60247E8220CFBD0D00B050A3 /* Extensions.swift */; };
		6036970621211D140064A61C /* DownloadError.swift in Sources */ = {isa = PBXBuildFile; fileRef = 6036970521211D140064A61C /* DownloadError.swift */; };
		6036970821211DC70064A61C /* Eventable.swift in Sources */ = {isa = PBXBuildFile; fileRef = 6036970721211DC70064A61C /* Eventable.swift */; };
		6036970A21211E310064A61C /* InnerKeyMap.swift in Sources */ = {isa = PBXBuildFile; fileRef = 6036970921211E310064A61C /* InnerKeyMap.swift */; };
		605CE53E208F1B960014DDB3 /* HQDownload.framework in Embed Frameworks */ = {isa = PBXBuildFile; fileRef = 8A650AF62069119200C95462 /* HQDownload.framework */; settings = {ATTRIBUTES = (CodeSignOnCopy, RemoveHeadersOnCopy, ); }; };
		605CE543208F1BB60014DDB3 /* HQSqlite.framework in Embed Frameworks */ = {isa = PBXBuildFile; fileRef = 60DC2F13208097E80088A579 /* HQSqlite.framework */; settings = {ATTRIBUTES = (CodeSignOnCopy, RemoveHeadersOnCopy, ); }; };
		605CE545208F1BB60014DDB3 /* HQCache.framework in Embed Frameworks */ = {isa = PBXBuildFile; fileRef = 60DC2F0F208095DA0088A579 /* HQCache.framework */; settings = {ATTRIBUTES = (CodeSignOnCopy, RemoveHeadersOnCopy, ); }; };
		605CE547208F1BB60014DDB3 /* HQFoundation.framework in Embed Frameworks */ = {isa = PBXBuildFile; fileRef = 60DC2F10208095DA0088A579 /* HQFoundation.framework */; settings = {ATTRIBUTES = (CodeSignOnCopy, RemoveHeadersOnCopy, ); }; };
		605CE549208F20510014DDB3 /* SingleViewController.swift in Sources */ = {isa = PBXBuildFile; fileRef = 605CE548208F20510014DDB3 /* SingleViewController.swift */; };
		605CE54B208F25160014DDB3 /* MultipleViewController.swift in Sources */ = {isa = PBXBuildFile; fileRef = 605CE54A208F25160014DDB3 /* MultipleViewController.swift */; };
		605CE54E20902A930014DDB3 /* ContinueViewController.swift in Sources */ = {isa = PBXBuildFile; fileRef = 605CE54D20902A930014DDB3 /* ContinueViewController.swift */; };
		605E7CB620EB20350004CC05 /* DownloadSession.swift in Sources */ = {isa = PBXBuildFile; fileRef = 605E7CB520EB20350004CC05 /* DownloadSession.swift */; };
		609AF3412099652F002C76D4 /* BackgroundViewController.swift in Sources */ = {isa = PBXBuildFile; fileRef = 609AF3402099652F002C76D4 /* BackgroundViewController.swift */; };
		60CB0462210AB6A10090AB0D /* MultipleCacheViewController.swift in Sources */ = {isa = PBXBuildFile; fileRef = 60CB0461210AB6A10090AB0D /* MultipleCacheViewController.swift */; };
		8A650B002069119200C95462 /* HQDownload.framework in Frameworks */ = {isa = PBXBuildFile; fileRef = 8A650AF62069119200C95462 /* HQDownload.framework */; };
		8A650B052069119200C95462 /* DownloadTests.swift in Sources */ = {isa = PBXBuildFile; fileRef = 8A650B042069119200C95462 /* DownloadTests.swift */; };
		8A650B072069119200C95462 /* HQDownload.h in Headers */ = {isa = PBXBuildFile; fileRef = 8A650AF92069119200C95462 /* HQDownload.h */; settings = {ATTRIBUTES = (Public, ); }; };
		8A650B4B206A79D000C95462 /* Downloader.swift in Sources */ = {isa = PBXBuildFile; fileRef = 8A650B4A206A79D000C95462 /* Downloader.swift */; };
		8A650B4F206BD61800C95462 /* DownloadQueue.swift in Sources */ = {isa = PBXBuildFile; fileRef = 8A650B4E206BD61800C95462 /* DownloadQueue.swift */; };
		8AC9161620896BC700A9CEA1 /* AppDelegate.swift in Sources */ = {isa = PBXBuildFile; fileRef = 8AC9161520896BC700A9CEA1 /* AppDelegate.swift */; };
		8AC9161820896BC700A9CEA1 /* ViewController.swift in Sources */ = {isa = PBXBuildFile; fileRef = 8AC9161720896BC700A9CEA1 /* ViewController.swift */; };
		8AC9161B20896BC700A9CEA1 /* Main.storyboard in Resources */ = {isa = PBXBuildFile; fileRef = 8AC9161920896BC700A9CEA1 /* Main.storyboard */; };
		8AC9161D20896BC800A9CEA1 /* Assets.xcassets in Resources */ = {isa = PBXBuildFile; fileRef = 8AC9161C20896BC800A9CEA1 /* Assets.xcassets */; };
		8AC9162020896BC800A9CEA1 /* LaunchScreen.storyboard in Resources */ = {isa = PBXBuildFile; fileRef = 8AC9161E20896BC800A9CEA1 /* LaunchScreen.storyboard */; };
		9513D1DFDBE3CFFA888CA620 /* Pods_HQDownloadTests.framework in Frameworks */ = {isa = PBXBuildFile; fileRef = 932D68656753B1B7D50E7E22 /* Pods_HQDownloadTests.framework */; };
/* End PBXBuildFile section */

/* Begin PBXContainerItemProxy section */
		605CE53F208F1B960014DDB3 /* PBXContainerItemProxy */ = {
			isa = PBXContainerItemProxy;
			containerPortal = 8A650AED2069119200C95462 /* Project object */;
			proxyType = 1;
			remoteGlobalIDString = 8A650AF52069119200C95462;
			remoteInfo = HQDownload;
		};
		8A650B012069119200C95462 /* PBXContainerItemProxy */ = {
			isa = PBXContainerItemProxy;
			containerPortal = 8A650AED2069119200C95462 /* Project object */;
			proxyType = 1;
			remoteGlobalIDString = 8A650AF52069119200C95462;
			remoteInfo = HQDownload;
		};
/* End PBXContainerItemProxy section */

/* Begin PBXCopyFilesBuildPhase section */
		605CE541208F1B960014DDB3 /* Embed Frameworks */ = {
			isa = PBXCopyFilesBuildPhase;
			buildActionMask = 2147483647;
			dstPath = "";
			dstSubfolderSpec = 10;
			files = (
				605CE53E208F1B960014DDB3 /* HQDownload.framework in Embed Frameworks */,
				605CE545208F1BB60014DDB3 /* HQCache.framework in Embed Frameworks */,
				605CE547208F1BB60014DDB3 /* HQFoundation.framework in Embed Frameworks */,
				605CE543208F1BB60014DDB3 /* HQSqlite.framework in Embed Frameworks */,
			);
			name = "Embed Frameworks";
			runOnlyForDeploymentPostprocessing = 0;
		};
/* End PBXCopyFilesBuildPhase section */

/* Begin PBXFileReference section */
		02AFA698D2D4E29752AE8C42 /* Pods-HQDownloadTests.release.xcconfig */ = {isa = PBXFileReference; includeInIndex = 1; lastKnownFileType = text.xcconfig; name = "Pods-HQDownloadTests.release.xcconfig"; path = "Pods/Target Support Files/Pods-HQDownloadTests/Pods-HQDownloadTests.release.xcconfig"; sourceTree = "<group>"; };
		6001740221099F7C00509CDD /* OperatorTest.swift */ = {isa = PBXFileReference; lastKnownFileType = sourcecode.swift; path = OperatorTest.swift; sourceTree = "<group>"; };
		601225F620BFD2C1008467CB /* DownloadOptions.swift */ = {isa = PBXFileReference; lastKnownFileType = sourcecode.swift; path = DownloadOptions.swift; sourceTree = "<group>"; };
		601225F820BFE197008467CB /* DownloadScheduler.swift */ = {isa = PBXFileReference; lastKnownFileType = sourcecode.swift; path = DownloadScheduler.swift; sourceTree = "<group>"; };
		60247E8220CFBD0D00B050A3 /* Extensions.swift */ = {isa = PBXFileReference; lastKnownFileType = sourcecode.swift; path = Extensions.swift; sourceTree = "<group>"; };
		6036970521211D140064A61C /* DownloadError.swift */ = {isa = PBXFileReference; lastKnownFileType = sourcecode.swift; path = DownloadError.swift; sourceTree = "<group>"; };
		6036970721211DC70064A61C /* Eventable.swift */ = {isa = PBXFileReference; lastKnownFileType = sourcecode.swift; path = Eventable.swift; sourceTree = "<group>"; };
		6036970921211E310064A61C /* InnerKeyMap.swift */ = {isa = PBXFileReference; lastKnownFileType = sourcecode.swift; path = InnerKeyMap.swift; sourceTree = "<group>"; };
		605CE548208F20510014DDB3 /* SingleViewController.swift */ = {isa = PBXFileReference; lastKnownFileType = sourcecode.swift; path = SingleViewController.swift; sourceTree = "<group>"; };
		605CE54A208F25160014DDB3 /* MultipleViewController.swift */ = {isa = PBXFileReference; lastKnownFileType = sourcecode.swift; path = MultipleViewController.swift; sourceTree = "<group>"; };
		605CE54D20902A930014DDB3 /* ContinueViewController.swift */ = {isa = PBXFileReference; lastKnownFileType = sourcecode.swift; path = ContinueViewController.swift; sourceTree = "<group>"; };
		605E7CB520EB20350004CC05 /* DownloadSession.swift */ = {isa = PBXFileReference; lastKnownFileType = sourcecode.swift; path = DownloadSession.swift; sourceTree = "<group>"; };
		609AF3402099652F002C76D4 /* BackgroundViewController.swift */ = {isa = PBXFileReference; lastKnownFileType = sourcecode.swift; path = BackgroundViewController.swift; sourceTree = "<group>"; };
		60CB0461210AB6A10090AB0D /* MultipleCacheViewController.swift */ = {isa = PBXFileReference; lastKnownFileType = sourcecode.swift; path = MultipleCacheViewController.swift; sourceTree = "<group>"; };
		60DC2F0F208095DA0088A579 /* HQCache.framework */ = {isa = PBXFileReference; lastKnownFileType = wrapper.framework; name = HQCache.framework; path = Carthage/Build/iOS/HQCache.framework; sourceTree = "<group>"; };
		60DC2F10208095DA0088A579 /* HQFoundation.framework */ = {isa = PBXFileReference; lastKnownFileType = wrapper.framework; name = HQFoundation.framework; path = Carthage/Build/iOS/HQFoundation.framework; sourceTree = "<group>"; };
		60DC2F13208097E80088A579 /* HQSqlite.framework */ = {isa = PBXFileReference; lastKnownFileType = wrapper.framework; name = HQSqlite.framework; path = Carthage/Build/iOS/HQSqlite.framework; sourceTree = "<group>"; };
		7905565BFC9CFBEC8C14AE8C /* Pods-HQDownloadTests.debug.xcconfig */ = {isa = PBXFileReference; includeInIndex = 1; lastKnownFileType = text.xcconfig; name = "Pods-HQDownloadTests.debug.xcconfig"; path = "Pods/Target Support Files/Pods-HQDownloadTests/Pods-HQDownloadTests.debug.xcconfig"; sourceTree = "<group>"; };
		8A650AF62069119200C95462 /* HQDownload.framework */ = {isa = PBXFileReference; explicitFileType = wrapper.framework; includeInIndex = 0; path = HQDownload.framework; sourceTree = BUILT_PRODUCTS_DIR; };
		8A650AF92069119200C95462 /* HQDownload.h */ = {isa = PBXFileReference; lastKnownFileType = sourcecode.c.h; path = HQDownload.h; sourceTree = "<group>"; };
		8A650AFA2069119200C95462 /* Info.plist */ = {isa = PBXFileReference; lastKnownFileType = text.plist.xml; path = Info.plist; sourceTree = "<group>"; };
		8A650AFF2069119200C95462 /* HQDownloadTests.xctest */ = {isa = PBXFileReference; explicitFileType = wrapper.cfbundle; includeInIndex = 0; path = HQDownloadTests.xctest; sourceTree = BUILT_PRODUCTS_DIR; };
		8A650B042069119200C95462 /* DownloadTests.swift */ = {isa = PBXFileReference; lastKnownFileType = sourcecode.swift; path = DownloadTests.swift; sourceTree = "<group>"; };
		8A650B062069119200C95462 /* Info.plist */ = {isa = PBXFileReference; lastKnownFileType = text.plist.xml; path = Info.plist; sourceTree = "<group>"; };
		8A650B4A206A79D000C95462 /* Downloader.swift */ = {isa = PBXFileReference; lastKnownFileType = sourcecode.swift; path = Downloader.swift; sourceTree = "<group>"; };
		8A650B4E206BD61800C95462 /* DownloadQueue.swift */ = {isa = PBXFileReference; lastKnownFileType = sourcecode.swift; path = DownloadQueue.swift; sourceTree = "<group>"; };
		8AC9161320896BC700A9CEA1 /* HQDownloadDemo.app */ = {isa = PBXFileReference; explicitFileType = wrapper.application; includeInIndex = 0; path = HQDownloadDemo.app; sourceTree = BUILT_PRODUCTS_DIR; };
		8AC9161520896BC700A9CEA1 /* AppDelegate.swift */ = {isa = PBXFileReference; lastKnownFileType = sourcecode.swift; path = AppDelegate.swift; sourceTree = "<group>"; };
		8AC9161720896BC700A9CEA1 /* ViewController.swift */ = {isa = PBXFileReference; lastKnownFileType = sourcecode.swift; path = ViewController.swift; sourceTree = "<group>"; };
		8AC9161A20896BC700A9CEA1 /* Base */ = {isa = PBXFileReference; lastKnownFileType = file.storyboard; name = Base; path = Base.lproj/Main.storyboard; sourceTree = "<group>"; };
		8AC9161C20896BC800A9CEA1 /* Assets.xcassets */ = {isa = PBXFileReference; lastKnownFileType = folder.assetcatalog; path = Assets.xcassets; sourceTree = "<group>"; };
		8AC9161F20896BC800A9CEA1 /* Base */ = {isa = PBXFileReference; lastKnownFileType = file.storyboard; name = Base; path = Base.lproj/LaunchScreen.storyboard; sourceTree = "<group>"; };
		8AC9162120896BC800A9CEA1 /* Info.plist */ = {isa = PBXFileReference; lastKnownFileType = text.plist.xml; path = Info.plist; sourceTree = "<group>"; };
		932D68656753B1B7D50E7E22 /* Pods_HQDownloadTests.framework */ = {isa = PBXFileReference; explicitFileType = wrapper.framework; includeInIndex = 0; path = Pods_HQDownloadTests.framework; sourceTree = BUILT_PRODUCTS_DIR; };
		DDB8D05BAA6699237C77AEAB /* Pods-HQDownload.debug.xcconfig */ = {isa = PBXFileReference; includeInIndex = 1; lastKnownFileType = text.xcconfig; name = "Pods-HQDownload.debug.xcconfig"; path = "Pods/Target Support Files/Pods-HQDownload/Pods-HQDownload.debug.xcconfig"; sourceTree = "<group>"; };
		ED29852BA8C23F1955FB761F /* Pods-HQDownload.release.xcconfig */ = {isa = PBXFileReference; includeInIndex = 1; lastKnownFileType = text.xcconfig; name = "Pods-HQDownload.release.xcconfig"; path = "Pods/Target Support Files/Pods-HQDownload/Pods-HQDownload.release.xcconfig"; sourceTree = "<group>"; };
		EEF9211001E57ED9F84A542A /* Pods_HQDownload.framework */ = {isa = PBXFileReference; explicitFileType = wrapper.framework; includeInIndex = 0; path = Pods_HQDownload.framework; sourceTree = BUILT_PRODUCTS_DIR; };
/* End PBXFileReference section */

/* Begin PBXFrameworksBuildPhase section */
		8A650AF22069119200C95462 /* Frameworks */ = {
			isa = PBXFrameworksBuildPhase;
			buildActionMask = 2147483647;
			files = (
				1B94374E37A8A78450308188 /* Pods_HQDownload.framework in Frameworks */,
			);
			runOnlyForDeploymentPostprocessing = 0;
		};
		8A650AFC2069119200C95462 /* Frameworks */ = {
			isa = PBXFrameworksBuildPhase;
			buildActionMask = 2147483647;
			files = (
				8A650B002069119200C95462 /* HQDownload.framework in Frameworks */,
				9513D1DFDBE3CFFA888CA620 /* Pods_HQDownloadTests.framework in Frameworks */,
			);
			runOnlyForDeploymentPostprocessing = 0;
		};
		8AC9161020896BC700A9CEA1 /* Frameworks */ = {
			isa = PBXFrameworksBuildPhase;
			buildActionMask = 2147483647;
			files = (
			);
			runOnlyForDeploymentPostprocessing = 0;
		};
/* End PBXFrameworksBuildPhase section */

/* Begin PBXGroup section */
		3156A62521BEEB0ADBD32218 /* Pods */ = {
			isa = PBXGroup;
			children = (
				DDB8D05BAA6699237C77AEAB /* Pods-HQDownload.debug.xcconfig */,
				ED29852BA8C23F1955FB761F /* Pods-HQDownload.release.xcconfig */,
				7905565BFC9CFBEC8C14AE8C /* Pods-HQDownloadTests.debug.xcconfig */,
				02AFA698D2D4E29752AE8C42 /* Pods-HQDownloadTests.release.xcconfig */,
			);
			name = Pods;
			sourceTree = "<group>";
		};
		6036970421211CB60064A61C /* Supporting Files */ = {
			isa = PBXGroup;
			children = (
				8A650AF92069119200C95462 /* HQDownload.h */,
				8A650AFA2069119200C95462 /* Info.plist */,
			);
			path = "Supporting Files";
			sourceTree = "<group>";
		};
		605D657A219BCE6600994BE5 /* Private */ = {
			isa = PBXGroup;
			children = (
				6036970921211E310064A61C /* InnerKeyMap.swift */,
				6036970721211DC70064A61C /* Eventable.swift */,
				60247E8220CFBD0D00B050A3 /* Extensions.swift */,
				605E7CB520EB20350004CC05 /* DownloadSession.swift */,
				6036970521211D140064A61C /* DownloadError.swift */,
			);
			path = Private;
			sourceTree = "<group>";
		};
		8A650AEC2069119200C95462 = {
			isa = PBXGroup;
			children = (
				8A650AF82069119200C95462 /* HQDownload */,
				8A650B032069119200C95462 /* HQDownloadTests */,
				8AC9161420896BC700A9CEA1 /* HQDownloadDemo */,
				8A650AF72069119200C95462 /* Products */,
				8ABF2B9720785F11001EDDA5 /* Frameworks */,
				3156A62521BEEB0ADBD32218 /* Pods */,
			);
			sourceTree = "<group>";
		};
		8A650AF72069119200C95462 /* Products */ = {
			isa = PBXGroup;
			children = (
				8A650AF62069119200C95462 /* HQDownload.framework */,
				8A650AFF2069119200C95462 /* HQDownloadTests.xctest */,
				8AC9161320896BC700A9CEA1 /* HQDownloadDemo.app */,
			);
			name = Products;
			sourceTree = "<group>";
		};
		8A650AF82069119200C95462 /* HQDownload */ = {
			isa = PBXGroup;
			children = (
				605D657A219BCE6600994BE5 /* Private */,
				601225F820BFE197008467CB /* DownloadScheduler.swift */,
				8A650B4E206BD61800C95462 /* DownloadQueue.swift */,
				8A650B4A206A79D000C95462 /* Downloader.swift */,
				601225F620BFD2C1008467CB /* DownloadOptions.swift */,
				6036970421211CB60064A61C /* Supporting Files */,
			);
			path = HQDownload;
			sourceTree = "<group>";
		};
		8A650B032069119200C95462 /* HQDownloadTests */ = {
			isa = PBXGroup;
			children = (
				8A650B062069119200C95462 /* Info.plist */,
				6001740221099F7C00509CDD /* OperatorTest.swift */,
				8A650B042069119200C95462 /* DownloadTests.swift */,
			);
			path = HQDownloadTests;
			sourceTree = "<group>";
		};
		8ABF2B9720785F11001EDDA5 /* Frameworks */ = {
			isa = PBXGroup;
			children = (
				60DC2F13208097E80088A579 /* HQSqlite.framework */,
				60DC2F0F208095DA0088A579 /* HQCache.framework */,
				60DC2F10208095DA0088A579 /* HQFoundation.framework */,
				EEF9211001E57ED9F84A542A /* Pods_HQDownload.framework */,
				932D68656753B1B7D50E7E22 /* Pods_HQDownloadTests.framework */,
			);
			name = Frameworks;
			sourceTree = "<group>";
		};
		8AC9161420896BC700A9CEA1 /* HQDownloadDemo */ = {
			isa = PBXGroup;
			children = (
				8AC9161520896BC700A9CEA1 /* AppDelegate.swift */,
				8AC9161720896BC700A9CEA1 /* ViewController.swift */,
				605CE548208F20510014DDB3 /* SingleViewController.swift */,
				605CE54A208F25160014DDB3 /* MultipleViewController.swift */,
				60CB0461210AB6A10090AB0D /* MultipleCacheViewController.swift */,
				605CE54D20902A930014DDB3 /* ContinueViewController.swift */,
				609AF3402099652F002C76D4 /* BackgroundViewController.swift */,
				8AC9161920896BC700A9CEA1 /* Main.storyboard */,
				8AC9161C20896BC800A9CEA1 /* Assets.xcassets */,
				8AC9161E20896BC800A9CEA1 /* LaunchScreen.storyboard */,
				8AC9162120896BC800A9CEA1 /* Info.plist */,
			);
			path = HQDownloadDemo;
			sourceTree = "<group>";
		};
/* End PBXGroup section */

/* Begin PBXHeadersBuildPhase section */
		8A650AF32069119200C95462 /* Headers */ = {
			isa = PBXHeadersBuildPhase;
			buildActionMask = 2147483647;
			files = (
				8A650B072069119200C95462 /* HQDownload.h in Headers */,
			);
			runOnlyForDeploymentPostprocessing = 0;
		};
/* End PBXHeadersBuildPhase section */

/* Begin PBXNativeTarget section */
		8A650AF52069119200C95462 /* HQDownload */ = {
			isa = PBXNativeTarget;
			buildConfigurationList = 8A650B0A2069119200C95462 /* Build configuration list for PBXNativeTarget "HQDownload" */;
			buildPhases = (
				ECEF77568DBD3EBD8820E55B /* [CP] Check Pods Manifest.lock */,
				8A650AF12069119200C95462 /* Sources */,
				8A650AF22069119200C95462 /* Frameworks */,
				8A650AF32069119200C95462 /* Headers */,
				8A650AF42069119200C95462 /* Resources */,
			);
			buildRules = (
			);
			dependencies = (
			);
			name = HQDownload;
			productName = HQDownload;
			productReference = 8A650AF62069119200C95462 /* HQDownload.framework */;
			productType = "com.apple.product-type.framework";
		};
		8A650AFE2069119200C95462 /* HQDownloadTests */ = {
			isa = PBXNativeTarget;
			buildConfigurationList = 8A650B0D2069119200C95462 /* Build configuration list for PBXNativeTarget "HQDownloadTests" */;
			buildPhases = (
				92A001A282560DB9FCE8F2FA /* [CP] Check Pods Manifest.lock */,
				8A650AFB2069119200C95462 /* Sources */,
				8A650AFC2069119200C95462 /* Frameworks */,
				8A650AFD2069119200C95462 /* Resources */,
				4CAF9C65D5F7482C6A87295B /* [CP] Embed Pods Frameworks */,
			);
			buildRules = (
			);
			dependencies = (
				8A650B022069119200C95462 /* PBXTargetDependency */,
			);
			name = HQDownloadTests;
			productName = HQDownloadTests;
			productReference = 8A650AFF2069119200C95462 /* HQDownloadTests.xctest */;
			productType = "com.apple.product-type.bundle.unit-test";
		};
		8AC9161220896BC700A9CEA1 /* HQDownloadDemo */ = {
			isa = PBXNativeTarget;
			buildConfigurationList = 8AC9162420896BC800A9CEA1 /* Build configuration list for PBXNativeTarget "HQDownloadDemo" */;
			buildPhases = (
				8AC9160F20896BC700A9CEA1 /* Sources */,
				8AC9161020896BC700A9CEA1 /* Frameworks */,
				8AC9161120896BC700A9CEA1 /* Resources */,
				605CE541208F1B960014DDB3 /* Embed Frameworks */,
			);
			buildRules = (
			);
			dependencies = (
				605CE540208F1B960014DDB3 /* PBXTargetDependency */,
			);
			name = HQDownloadDemo;
			productName = HQDownloadDemo;
			productReference = 8AC9161320896BC700A9CEA1 /* HQDownloadDemo.app */;
			productType = "com.apple.product-type.application";
		};
/* End PBXNativeTarget section */

/* Begin PBXProject section */
		8A650AED2069119200C95462 /* Project object */ = {
			isa = PBXProject;
			attributes = {
				LastSwiftUpdateCheck = 0930;
				LastUpgradeCheck = 0930;
				ORGANIZATIONNAME = "HonQi Indie";
				TargetAttributes = {
					8A650AF52069119200C95462 = {
						CreatedOnToolsVersion = 9.2;
						LastSwiftMigration = 1010;
						ProvisioningStyle = Automatic;
					};
					8A650AFE2069119200C95462 = {
						CreatedOnToolsVersion = 9.2;
						LastSwiftMigration = 1010;
						ProvisioningStyle = Automatic;
					};
					8AC9161220896BC700A9CEA1 = {
						CreatedOnToolsVersion = 9.3;
						ProvisioningStyle = Automatic;
					};
				};
			};
			buildConfigurationList = 8A650AF02069119200C95462 /* Build configuration list for PBXProject "HQDownload" */;
			compatibilityVersion = "Xcode 8.0";
			developmentRegion = en;
			hasScannedForEncodings = 0;
			knownRegions = (
				en,
				Base,
			);
			mainGroup = 8A650AEC2069119200C95462;
			productRefGroup = 8A650AF72069119200C95462 /* Products */;
			projectDirPath = "";
			projectRoot = "";
			targets = (
				8A650AF52069119200C95462 /* HQDownload */,
				8A650AFE2069119200C95462 /* HQDownloadTests */,
				8AC9161220896BC700A9CEA1 /* HQDownloadDemo */,
			);
		};
/* End PBXProject section */

/* Begin PBXResourcesBuildPhase section */
		8A650AF42069119200C95462 /* Resources */ = {
			isa = PBXResourcesBuildPhase;
			buildActionMask = 2147483647;
			files = (
			);
			runOnlyForDeploymentPostprocessing = 0;
		};
		8A650AFD2069119200C95462 /* Resources */ = {
			isa = PBXResourcesBuildPhase;
			buildActionMask = 2147483647;
			files = (
			);
			runOnlyForDeploymentPostprocessing = 0;
		};
		8AC9161120896BC700A9CEA1 /* Resources */ = {
			isa = PBXResourcesBuildPhase;
			buildActionMask = 2147483647;
			files = (
				8AC9162020896BC800A9CEA1 /* LaunchScreen.storyboard in Resources */,
				8AC9161D20896BC800A9CEA1 /* Assets.xcassets in Resources */,
				8AC9161B20896BC700A9CEA1 /* Main.storyboard in Resources */,
			);
			runOnlyForDeploymentPostprocessing = 0;
		};
/* End PBXResourcesBuildPhase section */

/* Begin PBXShellScriptBuildPhase section */
		4CAF9C65D5F7482C6A87295B /* [CP] Embed Pods Frameworks */ = {
			isa = PBXShellScriptBuildPhase;
			buildActionMask = 2147483647;
			files = (
			);
			inputPaths = (
				"${SRCROOT}/Pods/Target Support Files/Pods-HQDownloadTests/Pods-HQDownloadTests-frameworks.sh",
				"${BUILT_PRODUCTS_DIR}/HQCache/HQCache.framework",
				"${BUILT_PRODUCTS_DIR}/HQFoundation/HQFoundation.framework",
				"${BUILT_PRODUCTS_DIR}/HQSqlite/HQSqlite.framework",
			);
			name = "[CP] Embed Pods Frameworks";
			outputPaths = (
				"${TARGET_BUILD_DIR}/${FRAMEWORKS_FOLDER_PATH}/HQCache.framework",
				"${TARGET_BUILD_DIR}/${FRAMEWORKS_FOLDER_PATH}/HQFoundation.framework",
				"${TARGET_BUILD_DIR}/${FRAMEWORKS_FOLDER_PATH}/HQSqlite.framework",
			);
			runOnlyForDeploymentPostprocessing = 0;
			shellPath = /bin/sh;
			shellScript = "\"${SRCROOT}/Pods/Target Support Files/Pods-HQDownloadTests/Pods-HQDownloadTests-frameworks.sh\"\n";
			showEnvVarsInLog = 0;
		};
		92A001A282560DB9FCE8F2FA /* [CP] Check Pods Manifest.lock */ = {
			isa = PBXShellScriptBuildPhase;
			buildActionMask = 2147483647;
			files = (
			);
			inputPaths = (
				"${PODS_PODFILE_DIR_PATH}/Podfile.lock",
				"${PODS_ROOT}/Manifest.lock",
			);
			name = "[CP] Check Pods Manifest.lock";
			outputPaths = (
				"$(DERIVED_FILE_DIR)/Pods-HQDownloadTests-checkManifestLockResult.txt",
			);
			runOnlyForDeploymentPostprocessing = 0;
			shellPath = /bin/sh;
			shellScript = "diff \"${PODS_PODFILE_DIR_PATH}/Podfile.lock\" \"${PODS_ROOT}/Manifest.lock\" > /dev/null\nif [ $? != 0 ] ; then\n    # print error to STDERR\n    echo \"error: The sandbox is not in sync with the Podfile.lock. Run 'pod install' or update your CocoaPods installation.\" >&2\n    exit 1\nfi\n# This output is used by Xcode 'outputs' to avoid re-running this script phase.\necho \"SUCCESS\" > \"${SCRIPT_OUTPUT_FILE_0}\"\n";
			showEnvVarsInLog = 0;
		};
		ECEF77568DBD3EBD8820E55B /* [CP] Check Pods Manifest.lock */ = {
			isa = PBXShellScriptBuildPhase;
			buildActionMask = 2147483647;
			files = (
			);
			inputPaths = (
				"${PODS_PODFILE_DIR_PATH}/Podfile.lock",
				"${PODS_ROOT}/Manifest.lock",
			);
			name = "[CP] Check Pods Manifest.lock";
			outputPaths = (
				"$(DERIVED_FILE_DIR)/Pods-HQDownload-checkManifestLockResult.txt",
			);
			runOnlyForDeploymentPostprocessing = 0;
			shellPath = /bin/sh;
			shellScript = "diff \"${PODS_PODFILE_DIR_PATH}/Podfile.lock\" \"${PODS_ROOT}/Manifest.lock\" > /dev/null\nif [ $? != 0 ] ; then\n    # print error to STDERR\n    echo \"error: The sandbox is not in sync with the Podfile.lock. Run 'pod install' or update your CocoaPods installation.\" >&2\n    exit 1\nfi\n# This output is used by Xcode 'outputs' to avoid re-running this script phase.\necho \"SUCCESS\" > \"${SCRIPT_OUTPUT_FILE_0}\"\n";
			showEnvVarsInLog = 0;
		};
/* End PBXShellScriptBuildPhase section */

/* Begin PBXSourcesBuildPhase section */
		8A650AF12069119200C95462 /* Sources */ = {
			isa = PBXSourcesBuildPhase;
			buildActionMask = 2147483647;
			files = (
				6036970821211DC70064A61C /* Eventable.swift in Sources */,
				601225F720BFD2C1008467CB /* DownloadOptions.swift in Sources */,
				6036970621211D140064A61C /* DownloadError.swift in Sources */,
				8A650B4B206A79D000C95462 /* Downloader.swift in Sources */,
				60247E8320CFBD0D00B050A3 /* Extensions.swift in Sources */,
				605E7CB620EB20350004CC05 /* DownloadSession.swift in Sources */,
				601225F920BFE197008467CB /* DownloadScheduler.swift in Sources */,
				6036970A21211E310064A61C /* InnerKeyMap.swift in Sources */,
				8A650B4F206BD61800C95462 /* DownloadQueue.swift in Sources */,
			);
			runOnlyForDeploymentPostprocessing = 0;
		};
		8A650AFB2069119200C95462 /* Sources */ = {
			isa = PBXSourcesBuildPhase;
			buildActionMask = 2147483647;
			files = (
				8A650B052069119200C95462 /* DownloadTests.swift in Sources */,
				6001740321099F7C00509CDD /* OperatorTest.swift in Sources */,
			);
			runOnlyForDeploymentPostprocessing = 0;
		};
		8AC9160F20896BC700A9CEA1 /* Sources */ = {
			isa = PBXSourcesBuildPhase;
			buildActionMask = 2147483647;
			files = (
				609AF3412099652F002C76D4 /* BackgroundViewController.swift in Sources */,
				605CE54E20902A930014DDB3 /* ContinueViewController.swift in Sources */,
				8AC9161820896BC700A9CEA1 /* ViewController.swift in Sources */,
				605CE549208F20510014DDB3 /* SingleViewController.swift in Sources */,
				605CE54B208F25160014DDB3 /* MultipleViewController.swift in Sources */,
				8AC9161620896BC700A9CEA1 /* AppDelegate.swift in Sources */,
				60CB0462210AB6A10090AB0D /* MultipleCacheViewController.swift in Sources */,
			);
			runOnlyForDeploymentPostprocessing = 0;
		};
/* End PBXSourcesBuildPhase section */

/* Begin PBXTargetDependency section */
		605CE540208F1B960014DDB3 /* PBXTargetDependency */ = {
			isa = PBXTargetDependency;
			target = 8A650AF52069119200C95462 /* HQDownload */;
			targetProxy = 605CE53F208F1B960014DDB3 /* PBXContainerItemProxy */;
		};
		8A650B022069119200C95462 /* PBXTargetDependency */ = {
			isa = PBXTargetDependency;
			target = 8A650AF52069119200C95462 /* HQDownload */;
			targetProxy = 8A650B012069119200C95462 /* PBXContainerItemProxy */;
		};
/* End PBXTargetDependency section */

/* Begin PBXVariantGroup section */
		8AC9161920896BC700A9CEA1 /* Main.storyboard */ = {
			isa = PBXVariantGroup;
			children = (
				8AC9161A20896BC700A9CEA1 /* Base */,
			);
			name = Main.storyboard;
			sourceTree = "<group>";
		};
		8AC9161E20896BC800A9CEA1 /* LaunchScreen.storyboard */ = {
			isa = PBXVariantGroup;
			children = (
				8AC9161F20896BC800A9CEA1 /* Base */,
			);
			name = LaunchScreen.storyboard;
			sourceTree = "<group>";
		};
/* End PBXVariantGroup section */

/* Begin XCBuildConfiguration section */
		8A650B082069119200C95462 /* Debug */ = {
			isa = XCBuildConfiguration;
			buildSettings = {
				ALWAYS_SEARCH_USER_PATHS = NO;
				CLANG_ANALYZER_NONNULL = YES;
				CLANG_ANALYZER_NUMBER_OBJECT_CONVERSION = YES_AGGRESSIVE;
				CLANG_CXX_LANGUAGE_STANDARD = "gnu++14";
				CLANG_CXX_LIBRARY = "libc++";
				CLANG_ENABLE_MODULES = YES;
				CLANG_ENABLE_OBJC_ARC = YES;
				CLANG_WARN_BLOCK_CAPTURE_AUTORELEASING = YES;
				CLANG_WARN_BOOL_CONVERSION = YES;
				CLANG_WARN_COMMA = YES;
				CLANG_WARN_CONSTANT_CONVERSION = YES;
				CLANG_WARN_DEPRECATED_OBJC_IMPLEMENTATIONS = YES;
				CLANG_WARN_DIRECT_OBJC_ISA_USAGE = YES_ERROR;
				CLANG_WARN_DOCUMENTATION_COMMENTS = YES;
				CLANG_WARN_EMPTY_BODY = YES;
				CLANG_WARN_ENUM_CONVERSION = YES;
				CLANG_WARN_INFINITE_RECURSION = YES;
				CLANG_WARN_INT_CONVERSION = YES;
				CLANG_WARN_NON_LITERAL_NULL_CONVERSION = YES;
				CLANG_WARN_OBJC_IMPLICIT_RETAIN_SELF = YES;
				CLANG_WARN_OBJC_LITERAL_CONVERSION = YES;
				CLANG_WARN_OBJC_ROOT_CLASS = YES_ERROR;
				CLANG_WARN_RANGE_LOOP_ANALYSIS = YES;
				CLANG_WARN_STRICT_PROTOTYPES = YES;
				CLANG_WARN_SUSPICIOUS_MOVE = YES;
				CLANG_WARN_UNGUARDED_AVAILABILITY = YES_AGGRESSIVE;
				CLANG_WARN_UNREACHABLE_CODE = YES;
				CLANG_WARN__DUPLICATE_METHOD_MATCH = YES;
				CODE_SIGN_IDENTITY = "iPhone Developer";
				COPY_PHASE_STRIP = NO;
				CURRENT_PROJECT_VERSION = 1;
				DEBUG_INFORMATION_FORMAT = dwarf;
				ENABLE_STRICT_OBJC_MSGSEND = YES;
				ENABLE_TESTABILITY = YES;
				GCC_C_LANGUAGE_STANDARD = gnu11;
				GCC_DYNAMIC_NO_PIC = NO;
				GCC_NO_COMMON_BLOCKS = YES;
				GCC_OPTIMIZATION_LEVEL = 0;
				GCC_PREPROCESSOR_DEFINITIONS = (
					"DEBUG=1",
					"$(inherited)",
				);
				GCC_WARN_64_TO_32_BIT_CONVERSION = YES;
				GCC_WARN_ABOUT_RETURN_TYPE = YES_ERROR;
				GCC_WARN_UNDECLARED_SELECTOR = YES;
				GCC_WARN_UNINITIALIZED_AUTOS = YES_AGGRESSIVE;
				GCC_WARN_UNUSED_FUNCTION = YES;
				GCC_WARN_UNUSED_VARIABLE = YES;
				IPHONEOS_DEPLOYMENT_TARGET = 9.0;
				MTL_ENABLE_DEBUG_INFO = YES;
				ONLY_ACTIVE_ARCH = YES;
				SDKROOT = iphoneos;
				SWIFT_ACTIVE_COMPILATION_CONDITIONS = DEBUG;
				SWIFT_OPTIMIZATION_LEVEL = "-Onone";
				VERSIONING_SYSTEM = "apple-generic";
				VERSION_INFO_PREFIX = "";
			};
			name = Debug;
		};
		8A650B092069119200C95462 /* Release */ = {
			isa = XCBuildConfiguration;
			buildSettings = {
				ALWAYS_SEARCH_USER_PATHS = NO;
				CLANG_ANALYZER_NONNULL = YES;
				CLANG_ANALYZER_NUMBER_OBJECT_CONVERSION = YES_AGGRESSIVE;
				CLANG_CXX_LANGUAGE_STANDARD = "gnu++14";
				CLANG_CXX_LIBRARY = "libc++";
				CLANG_ENABLE_MODULES = YES;
				CLANG_ENABLE_OBJC_ARC = YES;
				CLANG_WARN_BLOCK_CAPTURE_AUTORELEASING = YES;
				CLANG_WARN_BOOL_CONVERSION = YES;
				CLANG_WARN_COMMA = YES;
				CLANG_WARN_CONSTANT_CONVERSION = YES;
				CLANG_WARN_DEPRECATED_OBJC_IMPLEMENTATIONS = YES;
				CLANG_WARN_DIRECT_OBJC_ISA_USAGE = YES_ERROR;
				CLANG_WARN_DOCUMENTATION_COMMENTS = YES;
				CLANG_WARN_EMPTY_BODY = YES;
				CLANG_WARN_ENUM_CONVERSION = YES;
				CLANG_WARN_INFINITE_RECURSION = YES;
				CLANG_WARN_INT_CONVERSION = YES;
				CLANG_WARN_NON_LITERAL_NULL_CONVERSION = YES;
				CLANG_WARN_OBJC_IMPLICIT_RETAIN_SELF = YES;
				CLANG_WARN_OBJC_LITERAL_CONVERSION = YES;
				CLANG_WARN_OBJC_ROOT_CLASS = YES_ERROR;
				CLANG_WARN_RANGE_LOOP_ANALYSIS = YES;
				CLANG_WARN_STRICT_PROTOTYPES = YES;
				CLANG_WARN_SUSPICIOUS_MOVE = YES;
				CLANG_WARN_UNGUARDED_AVAILABILITY = YES_AGGRESSIVE;
				CLANG_WARN_UNREACHABLE_CODE = YES;
				CLANG_WARN__DUPLICATE_METHOD_MATCH = YES;
				CODE_SIGN_IDENTITY = "iPhone Developer";
				COPY_PHASE_STRIP = NO;
				CURRENT_PROJECT_VERSION = 1;
				DEBUG_INFORMATION_FORMAT = "dwarf-with-dsym";
				ENABLE_NS_ASSERTIONS = NO;
				ENABLE_STRICT_OBJC_MSGSEND = YES;
				GCC_C_LANGUAGE_STANDARD = gnu11;
				GCC_NO_COMMON_BLOCKS = YES;
				GCC_WARN_64_TO_32_BIT_CONVERSION = YES;
				GCC_WARN_ABOUT_RETURN_TYPE = YES_ERROR;
				GCC_WARN_UNDECLARED_SELECTOR = YES;
				GCC_WARN_UNINITIALIZED_AUTOS = YES_AGGRESSIVE;
				GCC_WARN_UNUSED_FUNCTION = YES;
				GCC_WARN_UNUSED_VARIABLE = YES;
				IPHONEOS_DEPLOYMENT_TARGET = 9.0;
				MTL_ENABLE_DEBUG_INFO = NO;
				SDKROOT = iphoneos;
				SWIFT_OPTIMIZATION_LEVEL = "-Owholemodule";
				VALIDATE_PRODUCT = YES;
				VERSIONING_SYSTEM = "apple-generic";
				VERSION_INFO_PREFIX = "";
			};
			name = Release;
		};
		8A650B0B2069119200C95462 /* Debug */ = {
			isa = XCBuildConfiguration;
			baseConfigurationReference = DDB8D05BAA6699237C77AEAB /* Pods-HQDownload.debug.xcconfig */;
			buildSettings = {
				CLANG_ENABLE_MODULES = YES;
				CODE_SIGN_IDENTITY = "";
				CODE_SIGN_STYLE = Automatic;
				DEFINES_MODULE = YES;
				DEVELOPMENT_TEAM = 4EXDER2SUV;
				DYLIB_COMPATIBILITY_VERSION = 1;
				DYLIB_CURRENT_VERSION = 1;
				DYLIB_INSTALL_NAME_BASE = "@rpath";
				FRAMEWORK_SEARCH_PATHS = "$(inherited)";
				INFOPLIST_FILE = "$(SRCROOT)/HQDownload/Supporting Files/Info.plist";
				INSTALL_PATH = "$(LOCAL_LIBRARY_DIR)/Frameworks";
				IPHONEOS_DEPLOYMENT_TARGET = 9.0;
				LD_RUNPATH_SEARCH_PATHS = "$(inherited) @executable_path/Frameworks @loader_path/Frameworks";
				PRODUCT_BUNDLE_IDENTIFIER = me.HonQi.Download;
				PRODUCT_NAME = "$(TARGET_NAME:c99extidentifier)";
				SKIP_INSTALL = YES;
				SWIFT_OPTIMIZATION_LEVEL = "-Onone";
				SWIFT_VERSION = 4.2;
				TARGETED_DEVICE_FAMILY = "1,2";
			};
			name = Debug;
		};
		8A650B0C2069119200C95462 /* Release */ = {
			isa = XCBuildConfiguration;
			baseConfigurationReference = ED29852BA8C23F1955FB761F /* Pods-HQDownload.release.xcconfig */;
			buildSettings = {
				CLANG_ENABLE_MODULES = YES;
				CODE_SIGN_IDENTITY = "";
				CODE_SIGN_STYLE = Automatic;
				DEFINES_MODULE = YES;
				DEVELOPMENT_TEAM = 4EXDER2SUV;
				DYLIB_COMPATIBILITY_VERSION = 1;
				DYLIB_CURRENT_VERSION = 1;
				DYLIB_INSTALL_NAME_BASE = "@rpath";
				FRAMEWORK_SEARCH_PATHS = "$(inherited)";
				INFOPLIST_FILE = "$(SRCROOT)/HQDownload/Supporting Files/Info.plist";
				INSTALL_PATH = "$(LOCAL_LIBRARY_DIR)/Frameworks";
				IPHONEOS_DEPLOYMENT_TARGET = 9.0;
				LD_RUNPATH_SEARCH_PATHS = "$(inherited) @executable_path/Frameworks @loader_path/Frameworks";
				PRODUCT_BUNDLE_IDENTIFIER = me.HonQi.Download;
				PRODUCT_NAME = "$(TARGET_NAME:c99extidentifier)";
				SKIP_INSTALL = YES;
				SWIFT_VERSION = 4.2;
				TARGETED_DEVICE_FAMILY = "1,2";
			};
			name = Release;
		};
		8A650B0E2069119200C95462 /* Debug */ = {
			isa = XCBuildConfiguration;
			baseConfigurationReference = 7905565BFC9CFBEC8C14AE8C /* Pods-HQDownloadTests.debug.xcconfig */;
			buildSettings = {
				ALWAYS_EMBED_SWIFT_STANDARD_LIBRARIES = YES;
				CODE_SIGN_STYLE = Automatic;
				DEVELOPMENT_TEAM = 4EXDER2SUV;
				FRAMEWORK_SEARCH_PATHS = (
					"$(inherited)",
					"$(PROJECT_DIR)/Carthage/Build/iOS",
				);
				INFOPLIST_FILE = HQDownloadTests/Info.plist;
				LD_RUNPATH_SEARCH_PATHS = "$(inherited) @executable_path/Frameworks @loader_path/Frameworks";
				PRODUCT_BUNDLE_IDENTIFIER = me.HonQi.DownloadTest;
				PRODUCT_NAME = "$(TARGET_NAME)";
				SWIFT_VERSION = 4.2;
				TARGETED_DEVICE_FAMILY = "1,2";
			};
			name = Debug;
		};
		8A650B0F2069119200C95462 /* Release */ = {
			isa = XCBuildConfiguration;
			baseConfigurationReference = 02AFA698D2D4E29752AE8C42 /* Pods-HQDownloadTests.release.xcconfig */;
			buildSettings = {
				ALWAYS_EMBED_SWIFT_STANDARD_LIBRARIES = YES;
				CODE_SIGN_STYLE = Automatic;
				DEVELOPMENT_TEAM = 4EXDER2SUV;
				FRAMEWORK_SEARCH_PATHS = (
					"$(inherited)",
					"$(PROJECT_DIR)/Carthage/Build/iOS",
				);
				INFOPLIST_FILE = HQDownloadTests/Info.plist;
				LD_RUNPATH_SEARCH_PATHS = "$(inherited) @executable_path/Frameworks @loader_path/Frameworks";
				PRODUCT_BUNDLE_IDENTIFIER = me.HonQi.DownloadTest;
				PRODUCT_NAME = "$(TARGET_NAME)";
				SWIFT_VERSION = 4.2;
				TARGETED_DEVICE_FAMILY = "1,2";
			};
			name = Release;
		};
		8AC9162220896BC800A9CEA1 /* Debug */ = {
			isa = XCBuildConfiguration;
			buildSettings = {
				ALWAYS_EMBED_SWIFT_STANDARD_LIBRARIES = YES;
				ASSETCATALOG_COMPILER_APPICON_NAME = AppIcon;
				CLANG_ENABLE_OBJC_WEAK = YES;
				CODE_SIGN_STYLE = Automatic;
				DEVELOPMENT_TEAM = 4EXDER2SUV;
				FRAMEWORK_SEARCH_PATHS = (
					"$(inherited)",
					"$(PROJECT_DIR)/Carthage/Build/iOS",
				);
				INFOPLIST_FILE = HQDownloadDemo/Info.plist;
				IPHONEOS_DEPLOYMENT_TARGET = 9.0;
				LD_RUNPATH_SEARCH_PATHS = "$(inherited) @executable_path/Frameworks";
				PRODUCT_BUNDLE_IDENTIFIER = me.HonQi.DonwloadDemo;
				PRODUCT_NAME = "$(TARGET_NAME)";
				SWIFT_VERSION = 4.0;
				TARGETED_DEVICE_FAMILY = "1,2";
			};
			name = Debug;
		};
		8AC9162320896BC800A9CEA1 /* Release */ = {
			isa = XCBuildConfiguration;
			buildSettings = {
				ALWAYS_EMBED_SWIFT_STANDARD_LIBRARIES = YES;
				ASSETCATALOG_COMPILER_APPICON_NAME = AppIcon;
				CLANG_ENABLE_OBJC_WEAK = YES;
				CODE_SIGN_STYLE = Automatic;
				DEVELOPMENT_TEAM = 4EXDER2SUV;
				FRAMEWORK_SEARCH_PATHS = (
					"$(inherited)",
					"$(PROJECT_DIR)/Carthage/Build/iOS",
				);
				INFOPLIST_FILE = HQDownloadDemo/Info.plist;
				IPHONEOS_DEPLOYMENT_TARGET = 9.0;
				LD_RUNPATH_SEARCH_PATHS = "$(inherited) @executable_path/Frameworks";
				PRODUCT_BUNDLE_IDENTIFIER = me.HonQi.DonwloadDemo;
				PRODUCT_NAME = "$(TARGET_NAME)";
				SWIFT_VERSION = 4.0;
				TARGETED_DEVICE_FAMILY = "1,2";
			};
			name = Release;
		};
/* End XCBuildConfiguration section */

/* Begin XCConfigurationList section */
		8A650AF02069119200C95462 /* Build configuration list for PBXProject "HQDownload" */ = {
			isa = XCConfigurationList;
			buildConfigurations = (
				8A650B082069119200C95462 /* Debug */,
				8A650B092069119200C95462 /* Release */,
			);
			defaultConfigurationIsVisible = 0;
			defaultConfigurationName = Release;
		};
		8A650B0A2069119200C95462 /* Build configuration list for PBXNativeTarget "HQDownload" */ = {
			isa = XCConfigurationList;
			buildConfigurations = (
				8A650B0B2069119200C95462 /* Debug */,
				8A650B0C2069119200C95462 /* Release */,
			);
			defaultConfigurationIsVisible = 0;
			defaultConfigurationName = Release;
		};
		8A650B0D2069119200C95462 /* Build configuration list for PBXNativeTarget "HQDownloadTests" */ = {
			isa = XCConfigurationList;
			buildConfigurations = (
				8A650B0E2069119200C95462 /* Debug */,
				8A650B0F2069119200C95462 /* Release */,
			);
			defaultConfigurationIsVisible = 0;
			defaultConfigurationName = Release;
		};
		8AC9162420896BC800A9CEA1 /* Build configuration list for PBXNativeTarget "HQDownloadDemo" */ = {
			isa = XCConfigurationList;
			buildConfigurations = (
				8AC9162220896BC800A9CEA1 /* Debug */,
				8AC9162320896BC800A9CEA1 /* Release */,
			);
			defaultConfigurationIsVisible = 0;
			defaultConfigurationName = Release;
		};
/* End XCConfigurationList section */
	};
	rootObject = 8A650AED2069119200C95462 /* Project object */;
}
